// !$*UTF8*$!
{
	archiveVersion = 1;
	classes = {
	};
	objectVersion = 46;
	objects = {

/* Begin PBXBuildFile section */
		9009C63E18F5EE0B00D9A188 /* sensorviews.xib in Resources */ = {isa = PBXBuildFile; fileRef = 9009C63D18F5EE0B00D9A188 /* sensorviews.xib */; };
		9009C64118F602D200D9A188 /* Sensor.m in Sources */ = {isa = PBXBuildFile; fileRef = 9009C64018F602D200D9A188 /* Sensor.m */; };
		9009C64318F604DA00D9A188 /* logicviews.xib in Resources */ = {isa = PBXBuildFile; fileRef = 9009C64218F604DA00D9A188 /* logicviews.xib */; };
		9009C64618F6050700D9A188 /* LogicGate.m in Sources */ = {isa = PBXBuildFile; fileRef = 9009C64518F6050700D9A188 /* LogicGate.m */; };
		900FE86318CD49A200DDFDF5 /* VariableConnection.m in Sources */ = {isa = PBXBuildFile; fileRef = 900FE86218CD49A200DDFDF5 /* VariableConnection.m */; };
		900FE86618CD5CC900DDFDF5 /* Block.m in Sources */ = {isa = PBXBuildFile; fileRef = 900FE86518CD5CC900DDFDF5 /* Block.m */; };
		900FE86918CEB85C00DDFDF5 /* BooleanVariable.m in Sources */ = {isa = PBXBuildFile; fileRef = 900FE86818CEB85C00DDFDF5 /* BooleanVariable.m */; };
		900FE86F18CF055F00DDFDF5 /* NumberVariable.m in Sources */ = {isa = PBXBuildFile; fileRef = 900FE86E18CF055F00DDFDF5 /* NumberVariable.m */; };
		900FE87218D028CA00DDFDF5 /* VariableViewCell.m in Sources */ = {isa = PBXBuildFile; fileRef = 900FE87118D028CA00DDFDF5 /* VariableViewCell.m */; };
		900FE87518D179C200DDFDF5 /* StringVariable.m in Sources */ = {isa = PBXBuildFile; fileRef = 900FE87418D179C200DDFDF5 /* StringVariable.m */; };
		900FE87718D17E0300DDFDF5 /* variableviews.viewcontrollers.xib in Resources */ = {isa = PBXBuildFile; fileRef = 900FE87618D17E0300DDFDF5 /* variableviews.viewcontrollers.xib */; };
		900FE87B18D17F3700DDFDF5 /* StringVariableViewController.m in Sources */ = {isa = PBXBuildFile; fileRef = 900FE87A18D17F3700DDFDF5 /* StringVariableViewController.m */; };
		900FE87E18D1910700DDFDF5 /* InputBlock.m in Sources */ = {isa = PBXBuildFile; fileRef = 900FE87D18D1910600DDFDF5 /* InputBlock.m */; };
		900FE88118D1991E00DDFDF5 /* OutputBlock.m in Sources */ = {isa = PBXBuildFile; fileRef = 900FE88018D1991E00DDFDF5 /* OutputBlock.m */; };
		900FE88418D2DBE700DDFDF5 /* FlowStackItem.m in Sources */ = {isa = PBXBuildFile; fileRef = 900FE88318D2DBE700DDFDF5 /* FlowStackItem.m */; };
		900FE88A18D41FBA00DDFDF5 /* FlowLibraryViewController.m in Sources */ = {isa = PBXBuildFile; fileRef = 900FE88918D41FBA00DDFDF5 /* FlowLibraryViewController.m */; };
		900FE88D18D647FA00DDFDF5 /* ArrayVariable.m in Sources */ = {isa = PBXBuildFile; fileRef = 900FE88C18D647FA00DDFDF5 /* ArrayVariable.m */; };
		900FE89018D6487600DDFDF5 /* ObjectVariable.m in Sources */ = {isa = PBXBuildFile; fileRef = 900FE88F18D6487600DDFDF5 /* ObjectVariable.m */; };
		900FE89318D6BB1D00DDFDF5 /* AudioBlock.m in Sources */ = {isa = PBXBuildFile; fileRef = 900FE89218D6BB1D00DDFDF5 /* AudioBlock.m */; };
		900FE8A318D6BD3100DDFDF5 /* Basso.aiff in Resources */ = {isa = PBXBuildFile; fileRef = 900FE89518D6BD3100DDFDF5 /* Basso.aiff */; };
		900FE8A418D6BD3100DDFDF5 /* Blow.aiff in Resources */ = {isa = PBXBuildFile; fileRef = 900FE89618D6BD3100DDFDF5 /* Blow.aiff */; };
		900FE8A518D6BD3100DDFDF5 /* Bottle.aiff in Resources */ = {isa = PBXBuildFile; fileRef = 900FE89718D6BD3100DDFDF5 /* Bottle.aiff */; };
		900FE8A618D6BD3100DDFDF5 /* Frog.aiff in Resources */ = {isa = PBXBuildFile; fileRef = 900FE89818D6BD3100DDFDF5 /* Frog.aiff */; };
		900FE8A718D6BD3100DDFDF5 /* Funk.aiff in Resources */ = {isa = PBXBuildFile; fileRef = 900FE89918D6BD3100DDFDF5 /* Funk.aiff */; };
		900FE8A818D6BD3100DDFDF5 /* Glass.aiff in Resources */ = {isa = PBXBuildFile; fileRef = 900FE89A18D6BD3100DDFDF5 /* Glass.aiff */; };
		900FE8A918D6BD3100DDFDF5 /* Hero.aiff in Resources */ = {isa = PBXBuildFile; fileRef = 900FE89B18D6BD3100DDFDF5 /* Hero.aiff */; };
		900FE8AA18D6BD3100DDFDF5 /* Morse.aiff in Resources */ = {isa = PBXBuildFile; fileRef = 900FE89C18D6BD3100DDFDF5 /* Morse.aiff */; };
		900FE8AB18D6BD3100DDFDF5 /* Ping.aiff in Resources */ = {isa = PBXBuildFile; fileRef = 900FE89D18D6BD3100DDFDF5 /* Ping.aiff */; };
		900FE8AC18D6BD3100DDFDF5 /* Pop.aiff in Resources */ = {isa = PBXBuildFile; fileRef = 900FE89E18D6BD3100DDFDF5 /* Pop.aiff */; };
		900FE8AD18D6BD3100DDFDF5 /* Purr.aiff in Resources */ = {isa = PBXBuildFile; fileRef = 900FE89F18D6BD3100DDFDF5 /* Purr.aiff */; };
		900FE8AE18D6BD3100DDFDF5 /* Sosumi.aiff in Resources */ = {isa = PBXBuildFile; fileRef = 900FE8A018D6BD3100DDFDF5 /* Sosumi.aiff */; };
		900FE8AF18D6BD3100DDFDF5 /* Submarine.aiff in Resources */ = {isa = PBXBuildFile; fileRef = 900FE8A118D6BD3100DDFDF5 /* Submarine.aiff */; };
		900FE8B018D6BD3100DDFDF5 /* Tink.aiff in Resources */ = {isa = PBXBuildFile; fileRef = 900FE8A218D6BD3100DDFDF5 /* Tink.aiff */; };
		901444FC18BFDB4F00867BFA /* TimedDelayBlock.m in Sources */ = {isa = PBXBuildFile; fileRef = 901444FB18BFDB4F00867BFA /* TimedDelayBlock.m */; };
		901444FF18BFF6B400867BFA /* LoopBlock.m in Sources */ = {isa = PBXBuildFile; fileRef = 901444FE18BFF6B400867BFA /* LoopBlock.m */; };
		9014450218C0E4C500867BFA /* LoopConnection.m in Sources */ = {isa = PBXBuildFile; fileRef = 9014450118C0E4C400867BFA /* LoopConnection.m */; };
		901F476518FB0C7A00E6D213 /* axis.png in Resources */ = {isa = PBXBuildFile; fileRef = 901F476418FB0C7A00E6D213 /* axis.png */; };
		901F476718FB0DEE00E6D213 /* out.png in Resources */ = {isa = PBXBuildFile; fileRef = 901F476618FB0DEE00E6D213 /* out.png */; };
		901F476A18FB1ADB00E6D213 /* MicrophoneLevelSensor.m in Sources */ = {isa = PBXBuildFile; fileRef = 901F476918FB1ADB00E6D213 /* MicrophoneLevelSensor.m */; };
		901F476C18FB1F3300E6D213 /* mic.png in Resources */ = {isa = PBXBuildFile; fileRef = 901F476B18FB1F3300E6D213 /* mic.png */; };
		902B6D8E18C782D70040EB77 /* NodeLibraryViewController.m in Sources */ = {isa = PBXBuildFile; fileRef = 902B6D8D18C782D70040EB77 /* NodeLibraryViewController.m */; };
		902B6D9118C7CAAF0040EB77 /* NodeViewCell.m in Sources */ = {isa = PBXBuildFile; fileRef = 902B6D9018C7CAAF0040EB77 /* NodeViewCell.m */; };
		902C0BCB18CA1B58008A177A /* xsm_loop.png in Resources */ = {isa = PBXBuildFile; fileRef = 902C0BCA18CA1B58008A177A /* xsm_loop.png */; };
		902C0BCF18CBAA77008A177A /* Variable.m in Sources */ = {isa = PBXBuildFile; fileRef = 902C0BCE18CBAA77008A177A /* Variable.m */; };
		902C0BD418CBAB1F008A177A /* variableviews.xib in Resources */ = {isa = PBXBuildFile; fileRef = 902C0BD318CBAB1F008A177A /* variableviews.xib */; };
		902C0BD718CBAD0A008A177A /* ComparisonBlock.m in Sources */ = {isa = PBXBuildFile; fileRef = 902C0BD618CBAD0A008A177A /* ComparisonBlock.m */; };
		902C0BDA18CBB311008A177A /* ComparisonConnection.m in Sources */ = {isa = PBXBuildFile; fileRef = 902C0BD918CBB311008A177A /* ComparisonConnection.m */; };
		902EA14318C13EA90097D357 /* NodeViewController.m in Sources */ = {isa = PBXBuildFile; fileRef = 902EA14218C13EA80097D357 /* NodeViewController.m */; };
		902EA14818C147570097D357 /* DelayViewController.m in Sources */ = {isa = PBXBuildFile; fileRef = 902EA14718C147570097D357 /* DelayViewController.m */; };
		9031A3AC18C9162600893E8E /* ScriptBlock.m in Sources */ = {isa = PBXBuildFile; fileRef = 9031A3AB18C9162600893E8E /* ScriptBlock.m */; };
		9031A3AF18C91A5700893E8E /* nodeviews.viewcontrollers.xib in Resources */ = {isa = PBXBuildFile; fileRef = 9031A3AE18C91A5700893E8E /* nodeviews.viewcontrollers.xib */; };
		9071F16618D95CEC00202A7C /* speaker.png in Resources */ = {isa = PBXBuildFile; fileRef = 9071F16518D95CEC00202A7C /* speaker.png */; };
		9071F16918D96F4E00202A7C /* NumberVariableViewController.m in Sources */ = {isa = PBXBuildFile; fileRef = 9071F16818D96F4E00202A7C /* NumberVariableViewController.m */; };
		9079F39518DA920D00069E3E /* AudioViewController.m in Sources */ = {isa = PBXBuildFile; fileRef = 9079F39418DA920D00069E3E /* AudioViewController.m */; };
		909EC4C418E358110003DBE9 /* keyboard.png in Resources */ = {isa = PBXBuildFile; fileRef = 909EC4C318E358110003DBE9 /* keyboard.png */; };
		909EC4C718E5298C0003DBE9 /* FlowLibraryCell.m in Sources */ = {isa = PBXBuildFile; fileRef = 909EC4C618E5298C0003DBE9 /* FlowLibraryCell.m */; };
		909EC4CA18E54B2A0003DBE9 /* FlowNameViewController.m in Sources */ = {isa = PBXBuildFile; fileRef = 909EC4C918E54B2A0003DBE9 /* FlowNameViewController.m */; };
		90A8C5FE18C599DB00E73E79 /* nodeviews.xib in Resources */ = {isa = PBXBuildFile; fileRef = 90A8C5FD18C599DB00E73E79 /* nodeviews.xib */; };
		90CC41E91B1E289E008A87D2 /* Flowutils.m in Sources */ = {isa = PBXBuildFile; fileRef = 90CC41E81B1E289E008A87D2 /* Flowutils.m */; };
		90CC41ED1B1E3408008A87D2 /* 2015-06-02 000002.flow in Resources */ = {isa = PBXBuildFile; fileRef = 90CC41EB1B1E3408008A87D2 /* 2015-06-02 000002.flow */; };
		90CC41EF1B1E3426008A87D2 /* config.txt in Resources */ = {isa = PBXBuildFile; fileRef = 90CC41EE1B1E3426008A87D2 /* config.txt */; };
		90CC41F11B1E4666008A87D2 /* 2015-06-02 000002.flow in Resources */ = {isa = PBXBuildFile; fileRef = 90CC41EB1B1E3408008A87D2 /* 2015-06-02 000002.flow */; };
		90CC41F31B1E5691008A87D2 /* program.xib in Resources */ = {isa = PBXBuildFile; fileRef = 90CC41F21B1E5691008A87D2 /* program.xib */; };
		90CC41F91B1F5C8A008A87D2 /* 2015-06-02 000003.flow in Resources */ = {isa = PBXBuildFile; fileRef = 90CC41F41B1F5C89008A87D2 /* 2015-06-02 000003.flow */; };
		90CC41FA1B1F5C8A008A87D2 /* 2015-06-03 000001.flow in Resources */ = {isa = PBXBuildFile; fileRef = 90CC41F51B1F5C8A008A87D2 /* 2015-06-03 000001.flow */; };
		90CC41FE1B1F5CCF008A87D2 /* 2015-06-02 000003.flow in Resources */ = {isa = PBXBuildFile; fileRef = 90CC41F41B1F5C89008A87D2 /* 2015-06-02 000003.flow */; };
		90CC41FF1B1F5CCF008A87D2 /* 2015-06-03 000001.flow in Resources */ = {isa = PBXBuildFile; fileRef = 90CC41F51B1F5C8A008A87D2 /* 2015-06-03 000001.flow */; };
		90CC42071B20D371008A87D2 /* WaitBlock.m in Sources */ = {isa = PBXBuildFile; fileRef = 90CC42061B20D371008A87D2 /* WaitBlock.m */; };
		90CC42091B20ED63008A87D2 /* signal.png in Resources */ = {isa = PBXBuildFile; fileRef = 90CC42081B20ED63008A87D2 /* signal.png */; };
		90CFC8E518BB881B00F083B1 /* Foundation.framework in Frameworks */ = {isa = PBXBuildFile; fileRef = 90CFC8E418BB881B00F083B1 /* Foundation.framework */; };
		90CFC8E718BB881B00F083B1 /* CoreGraphics.framework in Frameworks */ = {isa = PBXBuildFile; fileRef = 90CFC8E618BB881B00F083B1 /* CoreGraphics.framework */; };
		90CFC8E918BB881B00F083B1 /* UIKit.framework in Frameworks */ = {isa = PBXBuildFile; fileRef = 90CFC8E818BB881B00F083B1 /* UIKit.framework */; };
		90CFC8EF18BB881B00F083B1 /* InfoPlist.strings in Resources */ = {isa = PBXBuildFile; fileRef = 90CFC8ED18BB881B00F083B1 /* InfoPlist.strings */; };
		90CFC8F118BB881B00F083B1 /* main.m in Sources */ = {isa = PBXBuildFile; fileRef = 90CFC8F018BB881B00F083B1 /* main.m */; };
		90CFC8F518BB881B00F083B1 /* FlowAppDelegate.m in Sources */ = {isa = PBXBuildFile; fileRef = 90CFC8F418BB881B00F083B1 /* FlowAppDelegate.m */; };
		90CFC8F818BB881B00F083B1 /* Main_iPhone.storyboard in Resources */ = {isa = PBXBuildFile; fileRef = 90CFC8F618BB881B00F083B1 /* Main_iPhone.storyboard */; };
		90CFC8FB18BB881B00F083B1 /* Main_iPad.storyboard in Resources */ = {isa = PBXBuildFile; fileRef = 90CFC8F918BB881B00F083B1 /* Main_iPad.storyboard */; };
		90CFC8FE18BB881B00F083B1 /* FlowViewController.m in Sources */ = {isa = PBXBuildFile; fileRef = 90CFC8FD18BB881B00F083B1 /* FlowViewController.m */; };
		90CFC90018BB881B00F083B1 /* Images.xcassets in Resources */ = {isa = PBXBuildFile; fileRef = 90CFC8FF18BB881B00F083B1 /* Images.xcassets */; };
		90CFC90718BB881B00F083B1 /* XCTest.framework in Frameworks */ = {isa = PBXBuildFile; fileRef = 90CFC90618BB881B00F083B1 /* XCTest.framework */; };
		90CFC90818BB881B00F083B1 /* Foundation.framework in Frameworks */ = {isa = PBXBuildFile; fileRef = 90CFC8E418BB881B00F083B1 /* Foundation.framework */; };
		90CFC90918BB881B00F083B1 /* UIKit.framework in Frameworks */ = {isa = PBXBuildFile; fileRef = 90CFC8E818BB881B00F083B1 /* UIKit.framework */; };
		90CFC91118BB881B00F083B1 /* InfoPlist.strings in Resources */ = {isa = PBXBuildFile; fileRef = 90CFC90F18BB881B00F083B1 /* InfoPlist.strings */; };
		90CFC91318BB881B00F083B1 /* FlowerTests.m in Sources */ = {isa = PBXBuildFile; fileRef = 90CFC91218BB881B00F083B1 /* FlowerTests.m */; };
		90CFC91F18BB88C000F083B1 /* FlowBlock.m in Sources */ = {isa = PBXBuildFile; fileRef = 90CFC91E18BB88C000F083B1 /* FlowBlock.m */; };
		90CFC92A18BBAF5400F083B1 /* FlowView.m in Sources */ = {isa = PBXBuildFile; fileRef = 90CFC92918BBAF5400F083B1 /* FlowView.m */; };
		90CFC92D18BBB16D00F083B1 /* Connection.m in Sources */ = {isa = PBXBuildFile; fileRef = 90CFC92C18BBB16D00F083B1 /* Connection.m */; };
		90CFC92F18BBB90000F083B1 /* play_d.png in Resources */ = {isa = PBXBuildFile; fileRef = 90CFC92E18BBB8FF00F083B1 /* play_d.png */; };
		90CFC93218BCF4A400F083B1 /* CodeViewController.m in Sources */ = {isa = PBXBuildFile; fileRef = 90CFC93118BCF4A400F083B1 /* CodeViewController.m */; };
		90CFC93518BD18BC00F083B1 /* ThreadStartBlock.m in Sources */ = {isa = PBXBuildFile; fileRef = 90CFC93418BD18BC00F083B1 /* ThreadStartBlock.m */; };
		90CFC93818BD196800F083B1 /* ThreadEndBlock.m in Sources */ = {isa = PBXBuildFile; fileRef = 90CFC93718BD196800F083B1 /* ThreadEndBlock.m */; };
		90CFC93A18BD509F00F083B1 /* xsm_edit.png in Resources */ = {isa = PBXBuildFile; fileRef = 90CFC93918BD509F00F083B1 /* xsm_edit.png */; };
		90CFC93C18BDBE1100F083B1 /* xsm_controls.png in Resources */ = {isa = PBXBuildFile; fileRef = 90CFC93B18BDBE1100F083B1 /* xsm_controls.png */; };
		90CFC93F18BDC37900F083B1 /* FlowOptionsViewController.m in Sources */ = {isa = PBXBuildFile; fileRef = 90CFC93E18BDC37900F083B1 /* FlowOptionsViewController.m */; };
		90CFC94618BE427600F083B1 /* EmptyContainer.m in Sources */ = {isa = PBXBuildFile; fileRef = 90CFC94518BE427600F083B1 /* EmptyContainer.m */; };
		90D6C78118F6EE5500645E94 /* NotGate.m in Sources */ = {isa = PBXBuildFile; fileRef = 90D6C78018F6EE5500645E94 /* NotGate.m */; };
		90D6C78418F6F7F200645E94 /* AndGate.m in Sources */ = {isa = PBXBuildFile; fileRef = 90D6C78318F6F7F200645E94 /* AndGate.m */; };
		90D6C78718F6F80100645E94 /* OrGate.m in Sources */ = {isa = PBXBuildFile; fileRef = 90D6C78618F6F80100645E94 /* OrGate.m */; };
		90D6C78A18F7003700645E94 /* ProcessorBlock.m in Sources */ = {isa = PBXBuildFile; fileRef = 90D6C78918F7003700645E94 /* ProcessorBlock.m */; };
		90D6C78D18F71E6100645E94 /* NandGate.m in Sources */ = {isa = PBXBuildFile; fileRef = 90D6C78C18F71E6100645E94 /* NandGate.m */; };
		90D6C79018F71E7800645E94 /* NorGate.m in Sources */ = {isa = PBXBuildFile; fileRef = 90D6C78F18F71E7800645E94 /* NorGate.m */; };
		90D6C79318F7303100645E94 /* ProximitySensor.m in Sources */ = {isa = PBXBuildFile; fileRef = 90D6C79218F7303100645E94 /* ProximitySensor.m */; };
		90D6C79618F7361F00645E94 /* LocationSensor.m in Sources */ = {isa = PBXBuildFile; fileRef = 90D6C79518F7361F00645E94 /* LocationSensor.m */; };
		90D6C79918F7450B00645E94 /* AltitudeSensor.m in Sources */ = {isa = PBXBuildFile; fileRef = 90D6C79818F7450B00645E94 /* AltitudeSensor.m */; };
		90D6C79C18F7466900645E94 /* SpeedSensor.m in Sources */ = {isa = PBXBuildFile; fileRef = 90D6C79B18F7466900645E94 /* SpeedSensor.m */; };
		90D6C7A018F74EE300645E94 /* car.png in Resources */ = {isa = PBXBuildFile; fileRef = 90D6C79D18F74EE300645E94 /* car.png */; };
		90D6C7A118F74EE300645E94 /* compas.png in Resources */ = {isa = PBXBuildFile; fileRef = 90D6C79E18F74EE300645E94 /* compas.png */; };
		90D6C7A218F74EE300645E94 /* plane.png in Resources */ = {isa = PBXBuildFile; fileRef = 90D6C79F18F74EE300645E94 /* plane.png */; };
		90D6C7A518F8315500645E94 /* XorGate.m in Sources */ = {isa = PBXBuildFile; fileRef = 90D6C7A418F8315500645E94 /* XorGate.m */; };
		90D6C7A918F834FD00645E94 /* XnorGate.m in Sources */ = {isa = PBXBuildFile; fileRef = 90D6C7A818F834FD00645E94 /* XnorGate.m */; };
		90D6C7AC18F83D7700645E94 /* GyroscopeSensor.m in Sources */ = {isa = PBXBuildFile; fileRef = 90D6C7AB18F83D7700645E94 /* GyroscopeSensor.m */; };
		90D6C7AF18F8431200645E94 /* AccelerometerSensor.m in Sources */ = {isa = PBXBuildFile; fileRef = 90D6C7AE18F8431200645E94 /* AccelerometerSensor.m */; };
		90D6C7B118F85CE800645E94 /* target.png in Resources */ = {isa = PBXBuildFile; fileRef = 90D6C7B018F85CE800645E94 /* target.png */; };
		90D6C7B418F85E3300645E94 /* HeadingSensor.m in Sources */ = {isa = PBXBuildFile; fileRef = 90D6C7B318F85E3300645E94 /* HeadingSensor.m */; };
		90D6C7B618F865FA00645E94 /* gyro.png in Resources */ = {isa = PBXBuildFile; fileRef = 90D6C7B518F865FA00645E94 /* gyro.png */; };
		90D6C7B818F866F100645E94 /* proximity.png in Resources */ = {isa = PBXBuildFile; fileRef = 90D6C7B718F866F100645E94 /* proximity.png */; };
		90D6C7BA18F8675600645E94 /* globe.png in Resources */ = {isa = PBXBuildFile; fileRef = 90D6C7B918F8675600645E94 /* globe.png */; };
/* End PBXBuildFile section */

/* Begin PBXContainerItemProxy section */
		90CFC90A18BB881B00F083B1 /* PBXContainerItemProxy */ = {
			isa = PBXContainerItemProxy;
			containerPortal = 90CFC8D918BB881B00F083B1 /* Project object */;
			proxyType = 1;
			remoteGlobalIDString = 90CFC8E018BB881B00F083B1;
			remoteInfo = Flower;
		};
/* End PBXContainerItemProxy section */

/* Begin PBXFileReference section */
		9009C63D18F5EE0B00D9A188 /* sensorviews.xib */ = {isa = PBXFileReference; fileEncoding = 4; lastKnownFileType = file.xib; path = sensorviews.xib; sourceTree = "<group>"; };
		9009C63F18F602D200D9A188 /* Sensor.h */ = {isa = PBXFileReference; fileEncoding = 4; lastKnownFileType = sourcecode.c.h; path = Sensor.h; sourceTree = "<group>"; };
		9009C64018F602D200D9A188 /* Sensor.m */ = {isa = PBXFileReference; fileEncoding = 4; lastKnownFileType = sourcecode.c.objc; path = Sensor.m; sourceTree = "<group>"; };
		9009C64218F604DA00D9A188 /* logicviews.xib */ = {isa = PBXFileReference; fileEncoding = 4; lastKnownFileType = file.xib; path = logicviews.xib; sourceTree = "<group>"; };
		9009C64418F6050700D9A188 /* LogicGate.h */ = {isa = PBXFileReference; fileEncoding = 4; lastKnownFileType = sourcecode.c.h; path = LogicGate.h; sourceTree = "<group>"; };
		9009C64518F6050700D9A188 /* LogicGate.m */ = {isa = PBXFileReference; fileEncoding = 4; lastKnownFileType = sourcecode.c.objc; path = LogicGate.m; sourceTree = "<group>"; };
		900FE86118CD49A200DDFDF5 /* VariableConnection.h */ = {isa = PBXFileReference; fileEncoding = 4; lastKnownFileType = sourcecode.c.h; path = VariableConnection.h; sourceTree = "<group>"; };
		900FE86218CD49A200DDFDF5 /* VariableConnection.m */ = {isa = PBXFileReference; fileEncoding = 4; lastKnownFileType = sourcecode.c.objc; path = VariableConnection.m; sourceTree = "<group>"; };
		900FE86418CD5CC900DDFDF5 /* Block.h */ = {isa = PBXFileReference; fileEncoding = 4; indentWidth = 4; lastKnownFileType = sourcecode.c.h; path = Block.h; sourceTree = "<group>"; tabWidth = 4; usesTabs = 0; wrapsLines = 1; };
		900FE86518CD5CC900DDFDF5 /* Block.m */ = {isa = PBXFileReference; fileEncoding = 4; indentWidth = 4; lastKnownFileType = sourcecode.c.objc; path = Block.m; sourceTree = "<group>"; tabWidth = 4; usesTabs = 0; wrapsLines = 1; };
		900FE86718CEB85C00DDFDF5 /* BooleanVariable.h */ = {isa = PBXFileReference; fileEncoding = 4; lastKnownFileType = sourcecode.c.h; path = BooleanVariable.h; sourceTree = "<group>"; };
		900FE86818CEB85C00DDFDF5 /* BooleanVariable.m */ = {isa = PBXFileReference; fileEncoding = 4; lastKnownFileType = sourcecode.c.objc; path = BooleanVariable.m; sourceTree = "<group>"; };
		900FE86D18CF055F00DDFDF5 /* NumberVariable.h */ = {isa = PBXFileReference; fileEncoding = 4; lastKnownFileType = sourcecode.c.h; path = NumberVariable.h; sourceTree = "<group>"; };
		900FE86E18CF055F00DDFDF5 /* NumberVariable.m */ = {isa = PBXFileReference; fileEncoding = 4; lastKnownFileType = sourcecode.c.objc; path = NumberVariable.m; sourceTree = "<group>"; };
		900FE87018D028C900DDFDF5 /* VariableViewCell.h */ = {isa = PBXFileReference; fileEncoding = 4; lastKnownFileType = sourcecode.c.h; path = VariableViewCell.h; sourceTree = "<group>"; };
		900FE87118D028CA00DDFDF5 /* VariableViewCell.m */ = {isa = PBXFileReference; fileEncoding = 4; lastKnownFileType = sourcecode.c.objc; path = VariableViewCell.m; sourceTree = "<group>"; };
		900FE87318D179C100DDFDF5 /* StringVariable.h */ = {isa = PBXFileReference; fileEncoding = 4; lastKnownFileType = sourcecode.c.h; path = StringVariable.h; sourceTree = "<group>"; };
		900FE87418D179C200DDFDF5 /* StringVariable.m */ = {isa = PBXFileReference; fileEncoding = 4; lastKnownFileType = sourcecode.c.objc; path = StringVariable.m; sourceTree = "<group>"; };
		900FE87618D17E0300DDFDF5 /* variableviews.viewcontrollers.xib */ = {isa = PBXFileReference; fileEncoding = 4; lastKnownFileType = file.xib; path = variableviews.viewcontrollers.xib; sourceTree = "<group>"; };
		900FE87918D17F3700DDFDF5 /* StringVariableViewController.h */ = {isa = PBXFileReference; fileEncoding = 4; lastKnownFileType = sourcecode.c.h; path = StringVariableViewController.h; sourceTree = "<group>"; };
		900FE87A18D17F3700DDFDF5 /* StringVariableViewController.m */ = {isa = PBXFileReference; fileEncoding = 4; lastKnownFileType = sourcecode.c.objc; path = StringVariableViewController.m; sourceTree = "<group>"; };
		900FE87C18D1910600DDFDF5 /* InputBlock.h */ = {isa = PBXFileReference; fileEncoding = 4; lastKnownFileType = sourcecode.c.h; path = InputBlock.h; sourceTree = "<group>"; };
		900FE87D18D1910600DDFDF5 /* InputBlock.m */ = {isa = PBXFileReference; fileEncoding = 4; lastKnownFileType = sourcecode.c.objc; path = InputBlock.m; sourceTree = "<group>"; };
		900FE87F18D1991E00DDFDF5 /* OutputBlock.h */ = {isa = PBXFileReference; fileEncoding = 4; lastKnownFileType = sourcecode.c.h; path = OutputBlock.h; sourceTree = "<group>"; };
		900FE88018D1991E00DDFDF5 /* OutputBlock.m */ = {isa = PBXFileReference; fileEncoding = 4; lastKnownFileType = sourcecode.c.objc; path = OutputBlock.m; sourceTree = "<group>"; };
		900FE88218D2DBE700DDFDF5 /* FlowStackItem.h */ = {isa = PBXFileReference; fileEncoding = 4; lastKnownFileType = sourcecode.c.h; path = FlowStackItem.h; sourceTree = "<group>"; };
		900FE88318D2DBE700DDFDF5 /* FlowStackItem.m */ = {isa = PBXFileReference; fileEncoding = 4; lastKnownFileType = sourcecode.c.objc; path = FlowStackItem.m; sourceTree = "<group>"; };
		900FE88818D41FBA00DDFDF5 /* FlowLibraryViewController.h */ = {isa = PBXFileReference; fileEncoding = 4; lastKnownFileType = sourcecode.c.h; path = FlowLibraryViewController.h; sourceTree = "<group>"; };
		900FE88918D41FBA00DDFDF5 /* FlowLibraryViewController.m */ = {isa = PBXFileReference; fileEncoding = 4; lastKnownFileType = sourcecode.c.objc; path = FlowLibraryViewController.m; sourceTree = "<group>"; };
		900FE88B18D647F900DDFDF5 /* ArrayVariable.h */ = {isa = PBXFileReference; fileEncoding = 4; lastKnownFileType = sourcecode.c.h; path = ArrayVariable.h; sourceTree = "<group>"; };
		900FE88C18D647FA00DDFDF5 /* ArrayVariable.m */ = {isa = PBXFileReference; fileEncoding = 4; lastKnownFileType = sourcecode.c.objc; path = ArrayVariable.m; sourceTree = "<group>"; };
		900FE88E18D6487600DDFDF5 /* ObjectVariable.h */ = {isa = PBXFileReference; fileEncoding = 4; lastKnownFileType = sourcecode.c.h; path = ObjectVariable.h; sourceTree = "<group>"; };
		900FE88F18D6487600DDFDF5 /* ObjectVariable.m */ = {isa = PBXFileReference; fileEncoding = 4; lastKnownFileType = sourcecode.c.objc; path = ObjectVariable.m; sourceTree = "<group>"; };
		900FE89118D6BB1D00DDFDF5 /* AudioBlock.h */ = {isa = PBXFileReference; fileEncoding = 4; lastKnownFileType = sourcecode.c.h; path = AudioBlock.h; sourceTree = "<group>"; };
		900FE89218D6BB1D00DDFDF5 /* AudioBlock.m */ = {isa = PBXFileReference; fileEncoding = 4; lastKnownFileType = sourcecode.c.objc; path = AudioBlock.m; sourceTree = "<group>"; };
		900FE89518D6BD3100DDFDF5 /* Basso.aiff */ = {isa = PBXFileReference; lastKnownFileType = audio.aiff; path = Basso.aiff; sourceTree = "<group>"; };
		900FE89618D6BD3100DDFDF5 /* Blow.aiff */ = {isa = PBXFileReference; lastKnownFileType = audio.aiff; path = Blow.aiff; sourceTree = "<group>"; };
		900FE89718D6BD3100DDFDF5 /* Bottle.aiff */ = {isa = PBXFileReference; lastKnownFileType = audio.aiff; path = Bottle.aiff; sourceTree = "<group>"; };
		900FE89818D6BD3100DDFDF5 /* Frog.aiff */ = {isa = PBXFileReference; lastKnownFileType = audio.aiff; path = Frog.aiff; sourceTree = "<group>"; };
		900FE89918D6BD3100DDFDF5 /* Funk.aiff */ = {isa = PBXFileReference; lastKnownFileType = audio.aiff; path = Funk.aiff; sourceTree = "<group>"; };
		900FE89A18D6BD3100DDFDF5 /* Glass.aiff */ = {isa = PBXFileReference; lastKnownFileType = audio.aiff; path = Glass.aiff; sourceTree = "<group>"; };
		900FE89B18D6BD3100DDFDF5 /* Hero.aiff */ = {isa = PBXFileReference; lastKnownFileType = audio.aiff; path = Hero.aiff; sourceTree = "<group>"; };
		900FE89C18D6BD3100DDFDF5 /* Morse.aiff */ = {isa = PBXFileReference; lastKnownFileType = audio.aiff; path = Morse.aiff; sourceTree = "<group>"; };
		900FE89D18D6BD3100DDFDF5 /* Ping.aiff */ = {isa = PBXFileReference; lastKnownFileType = audio.aiff; path = Ping.aiff; sourceTree = "<group>"; };
		900FE89E18D6BD3100DDFDF5 /* Pop.aiff */ = {isa = PBXFileReference; lastKnownFileType = audio.aiff; path = Pop.aiff; sourceTree = "<group>"; };
		900FE89F18D6BD3100DDFDF5 /* Purr.aiff */ = {isa = PBXFileReference; lastKnownFileType = audio.aiff; path = Purr.aiff; sourceTree = "<group>"; };
		900FE8A018D6BD3100DDFDF5 /* Sosumi.aiff */ = {isa = PBXFileReference; lastKnownFileType = audio.aiff; path = Sosumi.aiff; sourceTree = "<group>"; };
		900FE8A118D6BD3100DDFDF5 /* Submarine.aiff */ = {isa = PBXFileReference; lastKnownFileType = audio.aiff; path = Submarine.aiff; sourceTree = "<group>"; };
		900FE8A218D6BD3100DDFDF5 /* Tink.aiff */ = {isa = PBXFileReference; lastKnownFileType = audio.aiff; path = Tink.aiff; sourceTree = "<group>"; };
		901444FA18BFDB4F00867BFA /* TimedDelayBlock.h */ = {isa = PBXFileReference; fileEncoding = 4; lastKnownFileType = sourcecode.c.h; path = TimedDelayBlock.h; sourceTree = "<group>"; };
		901444FB18BFDB4F00867BFA /* TimedDelayBlock.m */ = {isa = PBXFileReference; fileEncoding = 4; lastKnownFileType = sourcecode.c.objc; path = TimedDelayBlock.m; sourceTree = "<group>"; };
		901444FD18BFF6B400867BFA /* LoopBlock.h */ = {isa = PBXFileReference; fileEncoding = 4; lastKnownFileType = sourcecode.c.h; path = LoopBlock.h; sourceTree = "<group>"; };
		901444FE18BFF6B400867BFA /* LoopBlock.m */ = {isa = PBXFileReference; fileEncoding = 4; lastKnownFileType = sourcecode.c.objc; path = LoopBlock.m; sourceTree = "<group>"; };
		9014450018C0E4C400867BFA /* LoopConnection.h */ = {isa = PBXFileReference; fileEncoding = 4; lastKnownFileType = sourcecode.c.h; path = LoopConnection.h; sourceTree = "<group>"; };
		9014450118C0E4C400867BFA /* LoopConnection.m */ = {isa = PBXFileReference; fileEncoding = 4; lastKnownFileType = sourcecode.c.objc; path = LoopConnection.m; sourceTree = "<group>"; };
		901F476418FB0C7A00E6D213 /* axis.png */ = {isa = PBXFileReference; lastKnownFileType = image.png; path = axis.png; sourceTree = "<group>"; };
		901F476618FB0DEE00E6D213 /* out.png */ = {isa = PBXFileReference; lastKnownFileType = image.png; path = out.png; sourceTree = "<group>"; };
		901F476818FB1ADB00E6D213 /* MicrophoneLevelSensor.h */ = {isa = PBXFileReference; fileEncoding = 4; lastKnownFileType = sourcecode.c.h; path = MicrophoneLevelSensor.h; sourceTree = "<group>"; };
		901F476918FB1ADB00E6D213 /* MicrophoneLevelSensor.m */ = {isa = PBXFileReference; fileEncoding = 4; lastKnownFileType = sourcecode.c.objc; path = MicrophoneLevelSensor.m; sourceTree = "<group>"; };
		901F476B18FB1F3300E6D213 /* mic.png */ = {isa = PBXFileReference; lastKnownFileType = image.png; path = mic.png; sourceTree = "<group>"; };
		902B6D8C18C782D70040EB77 /* NodeLibraryViewController.h */ = {isa = PBXFileReference; fileEncoding = 4; lastKnownFileType = sourcecode.c.h; path = NodeLibraryViewController.h; sourceTree = "<group>"; };
		902B6D8D18C782D70040EB77 /* NodeLibraryViewController.m */ = {isa = PBXFileReference; fileEncoding = 4; lastKnownFileType = sourcecode.c.objc; path = NodeLibraryViewController.m; sourceTree = "<group>"; };
		902B6D8F18C7CAAF0040EB77 /* NodeViewCell.h */ = {isa = PBXFileReference; fileEncoding = 4; lastKnownFileType = sourcecode.c.h; path = NodeViewCell.h; sourceTree = "<group>"; };
		902B6D9018C7CAAF0040EB77 /* NodeViewCell.m */ = {isa = PBXFileReference; fileEncoding = 4; lastKnownFileType = sourcecode.c.objc; path = NodeViewCell.m; sourceTree = "<group>"; };
		902C0BCA18CA1B58008A177A /* xsm_loop.png */ = {isa = PBXFileReference; lastKnownFileType = image.png; path = xsm_loop.png; sourceTree = "<group>"; };
		902C0BCD18CBAA77008A177A /* Variable.h */ = {isa = PBXFileReference; fileEncoding = 4; lastKnownFileType = sourcecode.c.h; path = Variable.h; sourceTree = "<group>"; };
		902C0BCE18CBAA77008A177A /* Variable.m */ = {isa = PBXFileReference; fileEncoding = 4; lastKnownFileType = sourcecode.c.objc; path = Variable.m; sourceTree = "<group>"; };
		902C0BD318CBAB1F008A177A /* variableviews.xib */ = {isa = PBXFileReference; fileEncoding = 4; lastKnownFileType = file.xib; path = variableviews.xib; sourceTree = "<group>"; };
		902C0BD518CBAD0A008A177A /* ComparisonBlock.h */ = {isa = PBXFileReference; fileEncoding = 4; lastKnownFileType = sourcecode.c.h; path = ComparisonBlock.h; sourceTree = "<group>"; };
		902C0BD618CBAD0A008A177A /* ComparisonBlock.m */ = {isa = PBXFileReference; fileEncoding = 4; lastKnownFileType = sourcecode.c.objc; path = ComparisonBlock.m; sourceTree = "<group>"; };
		902C0BD818CBB311008A177A /* ComparisonConnection.h */ = {isa = PBXFileReference; fileEncoding = 4; lastKnownFileType = sourcecode.c.h; path = ComparisonConnection.h; sourceTree = "<group>"; };
		902C0BD918CBB311008A177A /* ComparisonConnection.m */ = {isa = PBXFileReference; fileEncoding = 4; lastKnownFileType = sourcecode.c.objc; path = ComparisonConnection.m; sourceTree = "<group>"; };
		902EA14118C13EA80097D357 /* NodeViewController.h */ = {isa = PBXFileReference; fileEncoding = 4; indentWidth = 4; lastKnownFileType = sourcecode.c.h; path = NodeViewController.h; sourceTree = "<group>"; tabWidth = 4; usesTabs = 0; wrapsLines = 1; };
		902EA14218C13EA80097D357 /* NodeViewController.m */ = {isa = PBXFileReference; fileEncoding = 4; indentWidth = 4; lastKnownFileType = sourcecode.c.objc; path = NodeViewController.m; sourceTree = "<group>"; tabWidth = 4; usesTabs = 0; wrapsLines = 1; };
		902EA14618C147570097D357 /* DelayViewController.h */ = {isa = PBXFileReference; fileEncoding = 4; lastKnownFileType = sourcecode.c.h; path = DelayViewController.h; sourceTree = "<group>"; };
		902EA14718C147570097D357 /* DelayViewController.m */ = {isa = PBXFileReference; fileEncoding = 4; lastKnownFileType = sourcecode.c.objc; path = DelayViewController.m; sourceTree = "<group>"; };
		9031A3AA18C9162600893E8E /* ScriptBlock.h */ = {isa = PBXFileReference; fileEncoding = 4; lastKnownFileType = sourcecode.c.h; path = ScriptBlock.h; sourceTree = "<group>"; };
		9031A3AB18C9162600893E8E /* ScriptBlock.m */ = {isa = PBXFileReference; fileEncoding = 4; lastKnownFileType = sourcecode.c.objc; path = ScriptBlock.m; sourceTree = "<group>"; };
		9031A3AE18C91A5700893E8E /* nodeviews.viewcontrollers.xib */ = {isa = PBXFileReference; fileEncoding = 4; lastKnownFileType = file.xib; path = nodeviews.viewcontrollers.xib; sourceTree = "<group>"; };
		9071F16518D95CEC00202A7C /* speaker.png */ = {isa = PBXFileReference; lastKnownFileType = image.png; path = speaker.png; sourceTree = "<group>"; };
		9071F16718D96F4E00202A7C /* NumberVariableViewController.h */ = {isa = PBXFileReference; fileEncoding = 4; lastKnownFileType = sourcecode.c.h; path = NumberVariableViewController.h; sourceTree = "<group>"; };
		9071F16818D96F4E00202A7C /* NumberVariableViewController.m */ = {isa = PBXFileReference; fileEncoding = 4; lastKnownFileType = sourcecode.c.objc; path = NumberVariableViewController.m; sourceTree = "<group>"; };
		9079F39318DA920D00069E3E /* AudioViewController.h */ = {isa = PBXFileReference; fileEncoding = 4; lastKnownFileType = sourcecode.c.h; path = AudioViewController.h; sourceTree = "<group>"; };
		9079F39418DA920D00069E3E /* AudioViewController.m */ = {isa = PBXFileReference; fileEncoding = 4; lastKnownFileType = sourcecode.c.objc; path = AudioViewController.m; sourceTree = "<group>"; };
		909EC4C318E358110003DBE9 /* keyboard.png */ = {isa = PBXFileReference; lastKnownFileType = image.png; path = keyboard.png; sourceTree = "<group>"; };
		909EC4C518E5298C0003DBE9 /* FlowLibraryCell.h */ = {isa = PBXFileReference; fileEncoding = 4; lastKnownFileType = sourcecode.c.h; path = FlowLibraryCell.h; sourceTree = "<group>"; };
		909EC4C618E5298C0003DBE9 /* FlowLibraryCell.m */ = {isa = PBXFileReference; fileEncoding = 4; lastKnownFileType = sourcecode.c.objc; path = FlowLibraryCell.m; sourceTree = "<group>"; };
		909EC4C818E54B2A0003DBE9 /* FlowNameViewController.h */ = {isa = PBXFileReference; fileEncoding = 4; lastKnownFileType = sourcecode.c.h; path = FlowNameViewController.h; sourceTree = "<group>"; };
		909EC4C918E54B2A0003DBE9 /* FlowNameViewController.m */ = {isa = PBXFileReference; fileEncoding = 4; lastKnownFileType = sourcecode.c.objc; path = FlowNameViewController.m; sourceTree = "<group>"; };
		90A8C5FD18C599DB00E73E79 /* nodeviews.xib */ = {isa = PBXFileReference; fileEncoding = 4; lastKnownFileType = file.xib; path = nodeviews.xib; sourceTree = "<group>"; };
		90CC41D21B1E010A008A87D2 /* .travis.yml */ = {isa = PBXFileReference; fileEncoding = 4; lastKnownFileType = text; path = .travis.yml; sourceTree = "<group>"; };
		90CC41D41B1E0A1D008A87D2 /* sr-latch.png */ = {isa = PBXFileReference; lastKnownFileType = image.png; path = "sr-latch.png"; sourceTree = "<group>"; };
		90CC41D61B1E0E4D008A87D2 /* loop.png */ = {isa = PBXFileReference; lastKnownFileType = image.png; path = loop.png; sourceTree = "<group>"; };
		90CC41D81B1E0FB3008A87D2 /* mic-sensor.png */ = {isa = PBXFileReference; lastKnownFileType = image.png; path = "mic-sensor.png"; sourceTree = "<group>"; };
		90CC41DA1B1E126F008A87D2 /* program-blocks.png */ = {isa = PBXFileReference; lastKnownFileType = image.png; path = "program-blocks.png"; sourceTree = "<group>"; };
		90CC41DC1B1E127A008A87D2 /* io-program-blocks.png */ = {isa = PBXFileReference; lastKnownFileType = image.png; path = "io-program-blocks.png"; sourceTree = "<group>"; };
		90CC41DE1B1E1288008A87D2 /* sensors.png */ = {isa = PBXFileReference; lastKnownFileType = image.png; path = sensors.png; sourceTree = "<group>"; };
		90CC41E01B1E142A008A87D2 /* variables.png */ = {isa = PBXFileReference; lastKnownFileType = image.png; path = variables.png; sourceTree = "<group>"; };
		90CC41E21B1E1CC5008A87D2 /* README.md */ = {isa = PBXFileReference; fileEncoding = 4; lastKnownFileType = net.daringfireball.markdown; name = README.md; path = ../README.md; sourceTree = "<group>"; };
		90CC41E71B1E289E008A87D2 /* Flowutils.h */ = {isa = PBXFileReference; fileEncoding = 4; lastKnownFileType = sourcecode.c.h; path = Flowutils.h; sourceTree = "<group>"; };
		90CC41E81B1E289E008A87D2 /* Flowutils.m */ = {isa = PBXFileReference; fileEncoding = 4; lastKnownFileType = sourcecode.c.objc; path = Flowutils.m; sourceTree = "<group>"; };
		90CC41EB1B1E3408008A87D2 /* 2015-06-02 000002.flow */ = {isa = PBXFileReference; fileEncoding = 4; lastKnownFileType = text; path = "2015-06-02 000002.flow"; sourceTree = "<group>"; };
		90CC41EE1B1E3426008A87D2 /* config.txt */ = {isa = PBXFileReference; fileEncoding = 4; lastKnownFileType = text; path = config.txt; sourceTree = "<group>"; };
		90CC41F21B1E5691008A87D2 /* program.xib */ = {isa = PBXFileReference; fileEncoding = 4; lastKnownFileType = file.xib; path = program.xib; sourceTree = "<group>"; };
		90CC41F41B1F5C89008A87D2 /* 2015-06-02 000003.flow */ = {isa = PBXFileReference; fileEncoding = 4; lastKnownFileType = text; path = "2015-06-02 000003.flow"; sourceTree = "<group>"; };
		90CC41F51B1F5C8A008A87D2 /* 2015-06-03 000001.flow */ = {isa = PBXFileReference; fileEncoding = 4; lastKnownFileType = text; path = "2015-06-03 000001.flow"; sourceTree = "<group>"; };
		90CC42051B20D371008A87D2 /* WaitBlock.h */ = {isa = PBXFileReference; fileEncoding = 4; lastKnownFileType = sourcecode.c.h; path = WaitBlock.h; sourceTree = "<group>"; };
		90CC42061B20D371008A87D2 /* WaitBlock.m */ = {isa = PBXFileReference; fileEncoding = 4; lastKnownFileType = sourcecode.c.objc; path = WaitBlock.m; sourceTree = "<group>"; };
		90CC42081B20ED63008A87D2 /* signal.png */ = {isa = PBXFileReference; lastKnownFileType = image.png; path = signal.png; sourceTree = "<group>"; };
		90CFC8E118BB881B00F083B1 /* Flower.app */ = {isa = PBXFileReference; explicitFileType = wrapper.application; includeInIndex = 0; path = Flower.app; sourceTree = BUILT_PRODUCTS_DIR; };
		90CFC8E418BB881B00F083B1 /* Foundation.framework */ = {isa = PBXFileReference; lastKnownFileType = wrapper.framework; name = Foundation.framework; path = System/Library/Frameworks/Foundation.framework; sourceTree = SDKROOT; };
		90CFC8E618BB881B00F083B1 /* CoreGraphics.framework */ = {isa = PBXFileReference; lastKnownFileType = wrapper.framework; name = CoreGraphics.framework; path = System/Library/Frameworks/CoreGraphics.framework; sourceTree = SDKROOT; };
		90CFC8E818BB881B00F083B1 /* UIKit.framework */ = {isa = PBXFileReference; lastKnownFileType = wrapper.framework; name = UIKit.framework; path = System/Library/Frameworks/UIKit.framework; sourceTree = SDKROOT; };
		90CFC8EC18BB881B00F083B1 /* Flower-Info.plist */ = {isa = PBXFileReference; lastKnownFileType = text.plist.xml; path = "Flower-Info.plist"; sourceTree = "<group>"; };
		90CFC8EE18BB881B00F083B1 /* en */ = {isa = PBXFileReference; lastKnownFileType = text.plist.strings; name = en; path = en.lproj/InfoPlist.strings; sourceTree = "<group>"; };
		90CFC8F018BB881B00F083B1 /* main.m */ = {isa = PBXFileReference; lastKnownFileType = sourcecode.c.objc; path = main.m; sourceTree = "<group>"; };
		90CFC8F218BB881B00F083B1 /* Flower-Prefix.pch */ = {isa = PBXFileReference; lastKnownFileType = sourcecode.c.h; path = "Flower-Prefix.pch"; sourceTree = "<group>"; };
		90CFC8F318BB881B00F083B1 /* FlowAppDelegate.h */ = {isa = PBXFileReference; lastKnownFileType = sourcecode.c.h; path = FlowAppDelegate.h; sourceTree = "<group>"; };
		90CFC8F418BB881B00F083B1 /* FlowAppDelegate.m */ = {isa = PBXFileReference; lastKnownFileType = sourcecode.c.objc; path = FlowAppDelegate.m; sourceTree = "<group>"; };
		90CFC8F718BB881B00F083B1 /* Base */ = {isa = PBXFileReference; lastKnownFileType = file.storyboard; name = Base; path = Base.lproj/Main_iPhone.storyboard; sourceTree = "<group>"; };
		90CFC8FA18BB881B00F083B1 /* Base */ = {isa = PBXFileReference; lastKnownFileType = file.storyboard; name = Base; path = Base.lproj/Main_iPad.storyboard; sourceTree = "<group>"; };
		90CFC8FC18BB881B00F083B1 /* FlowViewController.h */ = {isa = PBXFileReference; lastKnownFileType = sourcecode.c.h; path = FlowViewController.h; sourceTree = "<group>"; };
		90CFC8FD18BB881B00F083B1 /* FlowViewController.m */ = {isa = PBXFileReference; lastKnownFileType = sourcecode.c.objc; path = FlowViewController.m; sourceTree = "<group>"; };
		90CFC8FF18BB881B00F083B1 /* Images.xcassets */ = {isa = PBXFileReference; lastKnownFileType = folder.assetcatalog; path = Images.xcassets; sourceTree = "<group>"; };
		90CFC90518BB881B00F083B1 /* FlowerTests.xctest */ = {isa = PBXFileReference; explicitFileType = wrapper.cfbundle; includeInIndex = 0; path = FlowerTests.xctest; sourceTree = BUILT_PRODUCTS_DIR; };
		90CFC90618BB881B00F083B1 /* XCTest.framework */ = {isa = PBXFileReference; lastKnownFileType = wrapper.framework; name = XCTest.framework; path = Library/Frameworks/XCTest.framework; sourceTree = DEVELOPER_DIR; };
		90CFC90E18BB881B00F083B1 /* FlowerTests-Info.plist */ = {isa = PBXFileReference; lastKnownFileType = text.plist.xml; path = "FlowerTests-Info.plist"; sourceTree = "<group>"; };
		90CFC91018BB881B00F083B1 /* en */ = {isa = PBXFileReference; lastKnownFileType = text.plist.strings; name = en; path = en.lproj/InfoPlist.strings; sourceTree = "<group>"; };
		90CFC91218BB881B00F083B1 /* FlowerTests.m */ = {isa = PBXFileReference; lastKnownFileType = sourcecode.c.objc; path = FlowerTests.m; sourceTree = "<group>"; };
		90CFC91D18BB88C000F083B1 /* FlowBlock.h */ = {isa = PBXFileReference; fileEncoding = 4; lastKnownFileType = sourcecode.c.h; path = FlowBlock.h; sourceTree = "<group>"; };
		90CFC91E18BB88C000F083B1 /* FlowBlock.m */ = {isa = PBXFileReference; fileEncoding = 4; lastKnownFileType = sourcecode.c.objc; path = FlowBlock.m; sourceTree = "<group>"; };
		90CFC92818BBAF5400F083B1 /* FlowView.h */ = {isa = PBXFileReference; fileEncoding = 4; lastKnownFileType = sourcecode.c.h; path = FlowView.h; sourceTree = "<group>"; };
		90CFC92918BBAF5400F083B1 /* FlowView.m */ = {isa = PBXFileReference; fileEncoding = 4; lastKnownFileType = sourcecode.c.objc; path = FlowView.m; sourceTree = "<group>"; };
		90CFC92B18BBB16D00F083B1 /* Connection.h */ = {isa = PBXFileReference; fileEncoding = 4; lastKnownFileType = sourcecode.c.h; path = Connection.h; sourceTree = "<group>"; };
		90CFC92C18BBB16D00F083B1 /* Connection.m */ = {isa = PBXFileReference; fileEncoding = 4; lastKnownFileType = sourcecode.c.objc; path = Connection.m; sourceTree = "<group>"; };
		90CFC92E18BBB8FF00F083B1 /* play_d.png */ = {isa = PBXFileReference; lastKnownFileType = image.png; path = play_d.png; sourceTree = "<group>"; };
		90CFC93018BCF4A400F083B1 /* CodeViewController.h */ = {isa = PBXFileReference; fileEncoding = 4; lastKnownFileType = sourcecode.c.h; path = CodeViewController.h; sourceTree = "<group>"; };
		90CFC93118BCF4A400F083B1 /* CodeViewController.m */ = {isa = PBXFileReference; fileEncoding = 4; lastKnownFileType = sourcecode.c.objc; path = CodeViewController.m; sourceTree = "<group>"; };
		90CFC93318BD18BC00F083B1 /* ThreadStartBlock.h */ = {isa = PBXFileReference; fileEncoding = 4; lastKnownFileType = sourcecode.c.h; path = ThreadStartBlock.h; sourceTree = "<group>"; };
		90CFC93418BD18BC00F083B1 /* ThreadStartBlock.m */ = {isa = PBXFileReference; fileEncoding = 4; lastKnownFileType = sourcecode.c.objc; path = ThreadStartBlock.m; sourceTree = "<group>"; };
		90CFC93618BD196800F083B1 /* ThreadEndBlock.h */ = {isa = PBXFileReference; fileEncoding = 4; lastKnownFileType = sourcecode.c.h; path = ThreadEndBlock.h; sourceTree = "<group>"; };
		90CFC93718BD196800F083B1 /* ThreadEndBlock.m */ = {isa = PBXFileReference; fileEncoding = 4; lastKnownFileType = sourcecode.c.objc; path = ThreadEndBlock.m; sourceTree = "<group>"; };
		90CFC93918BD509F00F083B1 /* xsm_edit.png */ = {isa = PBXFileReference; lastKnownFileType = image.png; path = xsm_edit.png; sourceTree = "<group>"; };
		90CFC93B18BDBE1100F083B1 /* xsm_controls.png */ = {isa = PBXFileReference; lastKnownFileType = image.png; path = xsm_controls.png; sourceTree = "<group>"; };
		90CFC93D18BDC37900F083B1 /* FlowOptionsViewController.h */ = {isa = PBXFileReference; fileEncoding = 4; lastKnownFileType = sourcecode.c.h; path = FlowOptionsViewController.h; sourceTree = "<group>"; };
		90CFC93E18BDC37900F083B1 /* FlowOptionsViewController.m */ = {isa = PBXFileReference; fileEncoding = 4; lastKnownFileType = sourcecode.c.objc; path = FlowOptionsViewController.m; sourceTree = "<group>"; };
		90CFC94418BE427600F083B1 /* EmptyContainer.h */ = {isa = PBXFileReference; fileEncoding = 4; lastKnownFileType = sourcecode.c.h; path = EmptyContainer.h; sourceTree = "<group>"; };
		90CFC94518BE427600F083B1 /* EmptyContainer.m */ = {isa = PBXFileReference; fileEncoding = 4; lastKnownFileType = sourcecode.c.objc; path = EmptyContainer.m; sourceTree = "<group>"; };
		90D6C77F18F6EE5500645E94 /* NotGate.h */ = {isa = PBXFileReference; fileEncoding = 4; lastKnownFileType = sourcecode.c.h; path = NotGate.h; sourceTree = "<group>"; };
		90D6C78018F6EE5500645E94 /* NotGate.m */ = {isa = PBXFileReference; fileEncoding = 4; lastKnownFileType = sourcecode.c.objc; path = NotGate.m; sourceTree = "<group>"; };
		90D6C78218F6F7F200645E94 /* AndGate.h */ = {isa = PBXFileReference; fileEncoding = 4; lastKnownFileType = sourcecode.c.h; path = AndGate.h; sourceTree = "<group>"; };
		90D6C78318F6F7F200645E94 /* AndGate.m */ = {isa = PBXFileReference; fileEncoding = 4; lastKnownFileType = sourcecode.c.objc; path = AndGate.m; sourceTree = "<group>"; };
		90D6C78518F6F80100645E94 /* OrGate.h */ = {isa = PBXFileReference; fileEncoding = 4; lastKnownFileType = sourcecode.c.h; path = OrGate.h; sourceTree = "<group>"; };
		90D6C78618F6F80100645E94 /* OrGate.m */ = {isa = PBXFileReference; fileEncoding = 4; lastKnownFileType = sourcecode.c.objc; path = OrGate.m; sourceTree = "<group>"; };
		90D6C78818F7003700645E94 /* ProcessorBlock.h */ = {isa = PBXFileReference; fileEncoding = 4; lastKnownFileType = sourcecode.c.h; path = ProcessorBlock.h; sourceTree = "<group>"; };
		90D6C78918F7003700645E94 /* ProcessorBlock.m */ = {isa = PBXFileReference; fileEncoding = 4; lastKnownFileType = sourcecode.c.objc; path = ProcessorBlock.m; sourceTree = "<group>"; };
		90D6C78B18F71E6100645E94 /* NandGate.h */ = {isa = PBXFileReference; fileEncoding = 4; lastKnownFileType = sourcecode.c.h; path = NandGate.h; sourceTree = "<group>"; };
		90D6C78C18F71E6100645E94 /* NandGate.m */ = {isa = PBXFileReference; fileEncoding = 4; lastKnownFileType = sourcecode.c.objc; path = NandGate.m; sourceTree = "<group>"; };
		90D6C78E18F71E7800645E94 /* NorGate.h */ = {isa = PBXFileReference; fileEncoding = 4; lastKnownFileType = sourcecode.c.h; path = NorGate.h; sourceTree = "<group>"; };
		90D6C78F18F71E7800645E94 /* NorGate.m */ = {isa = PBXFileReference; fileEncoding = 4; lastKnownFileType = sourcecode.c.objc; path = NorGate.m; sourceTree = "<group>"; };
		90D6C79118F7303100645E94 /* ProximitySensor.h */ = {isa = PBXFileReference; fileEncoding = 4; lastKnownFileType = sourcecode.c.h; path = ProximitySensor.h; sourceTree = "<group>"; };
		90D6C79218F7303100645E94 /* ProximitySensor.m */ = {isa = PBXFileReference; fileEncoding = 4; lastKnownFileType = sourcecode.c.objc; path = ProximitySensor.m; sourceTree = "<group>"; };
		90D6C79418F7361F00645E94 /* LocationSensor.h */ = {isa = PBXFileReference; fileEncoding = 4; lastKnownFileType = sourcecode.c.h; path = LocationSensor.h; sourceTree = "<group>"; };
		90D6C79518F7361F00645E94 /* LocationSensor.m */ = {isa = PBXFileReference; fileEncoding = 4; lastKnownFileType = sourcecode.c.objc; path = LocationSensor.m; sourceTree = "<group>"; };
		90D6C79718F7450B00645E94 /* AltitudeSensor.h */ = {isa = PBXFileReference; fileEncoding = 4; lastKnownFileType = sourcecode.c.h; path = AltitudeSensor.h; sourceTree = "<group>"; };
		90D6C79818F7450B00645E94 /* AltitudeSensor.m */ = {isa = PBXFileReference; fileEncoding = 4; lastKnownFileType = sourcecode.c.objc; path = AltitudeSensor.m; sourceTree = "<group>"; };
		90D6C79A18F7466900645E94 /* SpeedSensor.h */ = {isa = PBXFileReference; fileEncoding = 4; lastKnownFileType = sourcecode.c.h; path = SpeedSensor.h; sourceTree = "<group>"; };
		90D6C79B18F7466900645E94 /* SpeedSensor.m */ = {isa = PBXFileReference; fileEncoding = 4; lastKnownFileType = sourcecode.c.objc; path = SpeedSensor.m; sourceTree = "<group>"; };
		90D6C79D18F74EE300645E94 /* car.png */ = {isa = PBXFileReference; lastKnownFileType = image.png; path = car.png; sourceTree = "<group>"; };
		90D6C79E18F74EE300645E94 /* compas.png */ = {isa = PBXFileReference; lastKnownFileType = image.png; path = compas.png; sourceTree = "<group>"; };
		90D6C79F18F74EE300645E94 /* plane.png */ = {isa = PBXFileReference; lastKnownFileType = image.png; path = plane.png; sourceTree = "<group>"; };
		90D6C7A318F8315500645E94 /* XorGate.h */ = {isa = PBXFileReference; fileEncoding = 4; lastKnownFileType = sourcecode.c.h; path = XorGate.h; sourceTree = "<group>"; };
		90D6C7A418F8315500645E94 /* XorGate.m */ = {isa = PBXFileReference; fileEncoding = 4; lastKnownFileType = sourcecode.c.objc; path = XorGate.m; sourceTree = "<group>"; };
		90D6C7A718F834FD00645E94 /* XnorGate.h */ = {isa = PBXFileReference; fileEncoding = 4; lastKnownFileType = sourcecode.c.h; path = XnorGate.h; sourceTree = "<group>"; };
		90D6C7A818F834FD00645E94 /* XnorGate.m */ = {isa = PBXFileReference; fileEncoding = 4; lastKnownFileType = sourcecode.c.objc; path = XnorGate.m; sourceTree = "<group>"; };
		90D6C7AA18F83D7700645E94 /* GyroscopeSensor.h */ = {isa = PBXFileReference; fileEncoding = 4; lastKnownFileType = sourcecode.c.h; path = GyroscopeSensor.h; sourceTree = "<group>"; };
		90D6C7AB18F83D7700645E94 /* GyroscopeSensor.m */ = {isa = PBXFileReference; fileEncoding = 4; lastKnownFileType = sourcecode.c.objc; path = GyroscopeSensor.m; sourceTree = "<group>"; };
		90D6C7AD18F8431200645E94 /* AccelerometerSensor.h */ = {isa = PBXFileReference; fileEncoding = 4; lastKnownFileType = sourcecode.c.h; path = AccelerometerSensor.h; sourceTree = "<group>"; };
		90D6C7AE18F8431200645E94 /* AccelerometerSensor.m */ = {isa = PBXFileReference; fileEncoding = 4; lastKnownFileType = sourcecode.c.objc; path = AccelerometerSensor.m; sourceTree = "<group>"; };
		90D6C7B018F85CE800645E94 /* target.png */ = {isa = PBXFileReference; lastKnownFileType = image.png; path = target.png; sourceTree = "<group>"; };
		90D6C7B218F85E3300645E94 /* HeadingSensor.h */ = {isa = PBXFileReference; fileEncoding = 4; lastKnownFileType = sourcecode.c.h; path = HeadingSensor.h; sourceTree = "<group>"; };
		90D6C7B318F85E3300645E94 /* HeadingSensor.m */ = {isa = PBXFileReference; fileEncoding = 4; lastKnownFileType = sourcecode.c.objc; path = HeadingSensor.m; sourceTree = "<group>"; };
		90D6C7B518F865FA00645E94 /* gyro.png */ = {isa = PBXFileReference; lastKnownFileType = image.png; path = gyro.png; sourceTree = "<group>"; };
		90D6C7B718F866F100645E94 /* proximity.png */ = {isa = PBXFileReference; lastKnownFileType = image.png; path = proximity.png; sourceTree = "<group>"; };
		90D6C7B918F8675600645E94 /* globe.png */ = {isa = PBXFileReference; lastKnownFileType = image.png; path = globe.png; sourceTree = "<group>"; };
/* End PBXFileReference section */

/* Begin PBXFrameworksBuildPhase section */
		90CFC8DE18BB881B00F083B1 /* Frameworks */ = {
			isa = PBXFrameworksBuildPhase;
			buildActionMask = 2147483647;
			files = (
				90CFC8E718BB881B00F083B1 /* CoreGraphics.framework in Frameworks */,
				90CFC8E918BB881B00F083B1 /* UIKit.framework in Frameworks */,
				90CFC8E518BB881B00F083B1 /* Foundation.framework in Frameworks */,
			);
			runOnlyForDeploymentPostprocessing = 0;
		};
		90CFC90218BB881B00F083B1 /* Frameworks */ = {
			isa = PBXFrameworksBuildPhase;
			buildActionMask = 2147483647;
			files = (
				90CFC90718BB881B00F083B1 /* XCTest.framework in Frameworks */,
				90CFC90918BB881B00F083B1 /* UIKit.framework in Frameworks */,
				90CFC90818BB881B00F083B1 /* Foundation.framework in Frameworks */,
			);
			runOnlyForDeploymentPostprocessing = 0;
		};
/* End PBXFrameworksBuildPhase section */

/* Begin PBXGroup section */
		9009C63B18F5DC3500D9A188 /* Sensors */ = {
			isa = PBXGroup;
			children = (
				9009C63D18F5EE0B00D9A188 /* sensorviews.xib */,
				9009C63F18F602D200D9A188 /* Sensor.h */,
				9009C64018F602D200D9A188 /* Sensor.m */,
				90D6C7B718F866F100645E94 /* proximity.png */,
				90D6C79118F7303100645E94 /* ProximitySensor.h */,
				90D6C79218F7303100645E94 /* ProximitySensor.m */,
				90D6C7B918F8675600645E94 /* globe.png */,
				90D6C79418F7361F00645E94 /* LocationSensor.h */,
				90D6C79518F7361F00645E94 /* LocationSensor.m */,
				90D6C79F18F74EE300645E94 /* plane.png */,
				90D6C79718F7450B00645E94 /* AltitudeSensor.h */,
				90D6C79818F7450B00645E94 /* AltitudeSensor.m */,
				90D6C79D18F74EE300645E94 /* car.png */,
				90D6C79A18F7466900645E94 /* SpeedSensor.h */,
				90D6C79B18F7466900645E94 /* SpeedSensor.m */,
				90D6C7B518F865FA00645E94 /* gyro.png */,
				90D6C7AA18F83D7700645E94 /* GyroscopeSensor.h */,
				90D6C7AB18F83D7700645E94 /* GyroscopeSensor.m */,
				901F476418FB0C7A00E6D213 /* axis.png */,
				90D6C7AD18F8431200645E94 /* AccelerometerSensor.h */,
				90D6C7AE18F8431200645E94 /* AccelerometerSensor.m */,
				90D6C79E18F74EE300645E94 /* compas.png */,
				90D6C7B218F85E3300645E94 /* HeadingSensor.h */,
				90D6C7B318F85E3300645E94 /* HeadingSensor.m */,
				901F476B18FB1F3300E6D213 /* mic.png */,
				901F476818FB1ADB00E6D213 /* MicrophoneLevelSensor.h */,
				901F476918FB1ADB00E6D213 /* MicrophoneLevelSensor.m */,
			);
			name = Sensors;
			sourceTree = "<group>";
		};
		9009C63C18F5DCB500D9A188 /* Gate */ = {
			isa = PBXGroup;
			children = (
				9009C64218F604DA00D9A188 /* logicviews.xib */,
				9009C64418F6050700D9A188 /* LogicGate.h */,
				9009C64518F6050700D9A188 /* LogicGate.m */,
				90D6C77F18F6EE5500645E94 /* NotGate.h */,
				90D6C78018F6EE5500645E94 /* NotGate.m */,
				90D6C78218F6F7F200645E94 /* AndGate.h */,
				90D6C78318F6F7F200645E94 /* AndGate.m */,
				90D6C78518F6F80100645E94 /* OrGate.h */,
				90D6C78618F6F80100645E94 /* OrGate.m */,
				90D6C78B18F71E6100645E94 /* NandGate.h */,
				90D6C78C18F71E6100645E94 /* NandGate.m */,
				90D6C78E18F71E7800645E94 /* NorGate.h */,
				90D6C78F18F71E7800645E94 /* NorGate.m */,
				90D6C7A318F8315500645E94 /* XorGate.h */,
				90D6C7A418F8315500645E94 /* XorGate.m */,
				90D6C7A718F834FD00645E94 /* XnorGate.h */,
				90D6C7A818F834FD00645E94 /* XnorGate.m */,
			);
			name = Gate;
			sourceTree = "<group>";
		};
		900FE87818D17F0800DDFDF5 /* VariableViewControllers */ = {
			isa = PBXGroup;
			children = (
				900FE87918D17F3700DDFDF5 /* StringVariableViewController.h */,
				900FE87A18D17F3700DDFDF5 /* StringVariableViewController.m */,
				9071F16718D96F4E00202A7C /* NumberVariableViewController.h */,
				9071F16818D96F4E00202A7C /* NumberVariableViewController.m */,
			);
			name = VariableViewControllers;
			sourceTree = "<group>";
		};
		900FE89418D6BD1D00DDFDF5 /* System Sounds For Audio Block */ = {
			isa = PBXGroup;
			children = (
				900FE89518D6BD3100DDFDF5 /* Basso.aiff */,
				900FE89618D6BD3100DDFDF5 /* Blow.aiff */,
				900FE89718D6BD3100DDFDF5 /* Bottle.aiff */,
				900FE89818D6BD3100DDFDF5 /* Frog.aiff */,
				900FE89918D6BD3100DDFDF5 /* Funk.aiff */,
				900FE89A18D6BD3100DDFDF5 /* Glass.aiff */,
				900FE89B18D6BD3100DDFDF5 /* Hero.aiff */,
				900FE89C18D6BD3100DDFDF5 /* Morse.aiff */,
				900FE89D18D6BD3100DDFDF5 /* Ping.aiff */,
				900FE89E18D6BD3100DDFDF5 /* Pop.aiff */,
				900FE89F18D6BD3100DDFDF5 /* Purr.aiff */,
				900FE8A018D6BD3100DDFDF5 /* Sosumi.aiff */,
				900FE8A118D6BD3100DDFDF5 /* Submarine.aiff */,
				900FE8A218D6BD3100DDFDF5 /* Tink.aiff */,
			);
			name = "System Sounds For Audio Block";
			sourceTree = "<group>";
		};
		9014450318C0E6C000867BFA /* Connections */ = {
			isa = PBXGroup;
			children = (
				90CFC92B18BBB16D00F083B1 /* Connection.h */,
				90CFC92C18BBB16D00F083B1 /* Connection.m */,
				9014450018C0E4C400867BFA /* LoopConnection.h */,
				9014450118C0E4C400867BFA /* LoopConnection.m */,
				902C0BD818CBB311008A177A /* ComparisonConnection.h */,
				902C0BD918CBB311008A177A /* ComparisonConnection.m */,
				900FE86118CD49A200DDFDF5 /* VariableConnection.h */,
				900FE86218CD49A200DDFDF5 /* VariableConnection.m */,
			);
			name = Connections;
			sourceTree = "<group>";
		};
		9018C19318E89D5900C6FC0E /* File Selection */ = {
			isa = PBXGroup;
			children = (
				900FE88818D41FBA00DDFDF5 /* FlowLibraryViewController.h */,
				900FE88918D41FBA00DDFDF5 /* FlowLibraryViewController.m */,
				909EC4C518E5298C0003DBE9 /* FlowLibraryCell.h */,
				909EC4C618E5298C0003DBE9 /* FlowLibraryCell.m */,
			);
			name = "File Selection";
			sourceTree = "<group>";
		};
		9018C19418E8A59D00C6FC0E /* Block Selection Library */ = {
			isa = PBXGroup;
			children = (
				902B6D8C18C782D70040EB77 /* NodeLibraryViewController.h */,
				902B6D8D18C782D70040EB77 /* NodeLibraryViewController.m */,
				902B6D8F18C7CAAF0040EB77 /* NodeViewCell.h */,
				902B6D9018C7CAAF0040EB77 /* NodeViewCell.m */,
				900FE87018D028C900DDFDF5 /* VariableViewCell.h */,
				900FE87118D028CA00DDFDF5 /* VariableViewCell.m */,
			);
			name = "Block Selection Library";
			sourceTree = "<group>";
		};
		902C0BCC18CBAA54008A177A /* Variables */ = {
			isa = PBXGroup;
			children = (
				900FE87818D17F0800DDFDF5 /* VariableViewControllers */,
				902C0BD318CBAB1F008A177A /* variableviews.xib */,
				900FE87618D17E0300DDFDF5 /* variableviews.viewcontrollers.xib */,
				902C0BCD18CBAA77008A177A /* Variable.h */,
				902C0BCE18CBAA77008A177A /* Variable.m */,
				900FE86718CEB85C00DDFDF5 /* BooleanVariable.h */,
				900FE86818CEB85C00DDFDF5 /* BooleanVariable.m */,
				900FE86D18CF055F00DDFDF5 /* NumberVariable.h */,
				900FE86E18CF055F00DDFDF5 /* NumberVariable.m */,
				900FE87318D179C100DDFDF5 /* StringVariable.h */,
				900FE87418D179C200DDFDF5 /* StringVariable.m */,
				900FE88B18D647F900DDFDF5 /* ArrayVariable.h */,
				900FE88C18D647FA00DDFDF5 /* ArrayVariable.m */,
				900FE88E18D6487600DDFDF5 /* ObjectVariable.h */,
				900FE88F18D6487600DDFDF5 /* ObjectVariable.m */,
			);
			name = Variables;
			sourceTree = "<group>";
		};
		902EA14418C1471E0097D357 /* FlowViewControllers */ = {
			isa = PBXGroup;
			children = (
				902EA14618C147570097D357 /* DelayViewController.h */,
				902EA14718C147570097D357 /* DelayViewController.m */,
				90CFC93018BCF4A400F083B1 /* CodeViewController.h */,
				90CFC93118BCF4A400F083B1 /* CodeViewController.m */,
				902EA14118C13EA80097D357 /* NodeViewController.h */,
				902EA14218C13EA80097D357 /* NodeViewController.m */,
				9079F39318DA920D00069E3E /* AudioViewController.h */,
				9079F39418DA920D00069E3E /* AudioViewController.m */,
			);
			name = FlowViewControllers;
			sourceTree = "<group>";
		};
		90CC41E41B1E27D5008A87D2 /* Utilites */ = {
			isa = PBXGroup;
			children = (
				90CC41E71B1E289E008A87D2 /* Flowutils.h */,
				90CC41E81B1E289E008A87D2 /* Flowutils.m */,
			);
			name = Utilites;
			sourceTree = "<group>";
		};
		90CFC8D818BB881B00F083B1 = {
			isa = PBXGroup;
			children = (
				90CC41E21B1E1CC5008A87D2 /* README.md */,
				90CC41E01B1E142A008A87D2 /* variables.png */,
				90CC41DC1B1E127A008A87D2 /* io-program-blocks.png */,
				90CC41DE1B1E1288008A87D2 /* sensors.png */,
				90CC41DA1B1E126F008A87D2 /* program-blocks.png */,
				90CC41D81B1E0FB3008A87D2 /* mic-sensor.png */,
				90CC41D61B1E0E4D008A87D2 /* loop.png */,
				90CC41D41B1E0A1D008A87D2 /* sr-latch.png */,
				90CC41D21B1E010A008A87D2 /* .travis.yml */,
				90CFC8EA18BB881B00F083B1 /* Flower */,
				90CFC90C18BB881B00F083B1 /* FlowerTests */,
				90CFC8E318BB881B00F083B1 /* Frameworks */,
				90CFC8E218BB881B00F083B1 /* Products */,
			);
			sourceTree = "<group>";
		};
		90CFC8E218BB881B00F083B1 /* Products */ = {
			isa = PBXGroup;
			children = (
				90CFC8E118BB881B00F083B1 /* Flower.app */,
				90CFC90518BB881B00F083B1 /* FlowerTests.xctest */,
			);
			name = Products;
			sourceTree = "<group>";
		};
		90CFC8E318BB881B00F083B1 /* Frameworks */ = {
			isa = PBXGroup;
			children = (
				90CFC8E418BB881B00F083B1 /* Foundation.framework */,
				90CFC8E618BB881B00F083B1 /* CoreGraphics.framework */,
				90CFC8E818BB881B00F083B1 /* UIKit.framework */,
				90CFC90618BB881B00F083B1 /* XCTest.framework */,
			);
			name = Frameworks;
			sourceTree = "<group>";
		};
		90CFC8EA18BB881B00F083B1 /* Flower */ = {
			isa = PBXGroup;
			children = (
				90CFC93B18BDBE1100F083B1 /* xsm_controls.png */,
				900FE89418D6BD1D00DDFDF5 /* System Sounds For Audio Block */,
				90CFC92E18BBB8FF00F083B1 /* play_d.png */,
				90CFC93918BD509F00F083B1 /* xsm_edit.png */,
				9071F16518D95CEC00202A7C /* speaker.png */,
				901F476618FB0DEE00E6D213 /* out.png */,
				90D6C7B018F85CE800645E94 /* target.png */,
				909EC4C318E358110003DBE9 /* keyboard.png */,
				902C0BCA18CA1B58008A177A /* xsm_loop.png */,
				90CFC8F318BB881B00F083B1 /* FlowAppDelegate.h */,
				90CFC8F418BB881B00F083B1 /* FlowAppDelegate.m */,
				90CFC94318BE425200F083B1 /* StyledViews */,
				9014450318C0E6C000867BFA /* Connections */,
				900FE86418CD5CC900DDFDF5 /* Block.h */,
				900FE86518CD5CC900DDFDF5 /* Block.m */,
				90D6C78818F7003700645E94 /* ProcessorBlock.h */,
				90D6C78918F7003700645E94 /* ProcessorBlock.m */,
				902C0BCC18CBAA54008A177A /* Variables */,
				9009C63B18F5DC3500D9A188 /* Sensors */,
				90CFC91C18BB885800F083B1 /* FlowBlocks */,
				9009C63C18F5DCB500D9A188 /* Gate */,
				90CFC92818BBAF5400F083B1 /* FlowView.h */,
				90CFC92918BBAF5400F083B1 /* FlowView.m */,
				90CC41E41B1E27D5008A87D2 /* Utilites */,
				90CFC8F618BB881B00F083B1 /* Main_iPhone.storyboard */,
				90CFC8F918BB881B00F083B1 /* Main_iPad.storyboard */,
				90CFC8FC18BB881B00F083B1 /* FlowViewController.h */,
				90CFC8FD18BB881B00F083B1 /* FlowViewController.m */,
				909EC4C818E54B2A0003DBE9 /* FlowNameViewController.h */,
				909EC4C918E54B2A0003DBE9 /* FlowNameViewController.m */,
				90CFC93D18BDC37900F083B1 /* FlowOptionsViewController.h */,
				90CFC93E18BDC37900F083B1 /* FlowOptionsViewController.m */,
				9018C19318E89D5900C6FC0E /* File Selection */,
				9018C19418E8A59D00C6FC0E /* Block Selection Library */,
				900FE88218D2DBE700DDFDF5 /* FlowStackItem.h */,
				900FE88318D2DBE700DDFDF5 /* FlowStackItem.m */,
				90CFC8FF18BB881B00F083B1 /* Images.xcassets */,
				90CFC8EB18BB881B00F083B1 /* Supporting Files */,
			);
			path = Flower;
			sourceTree = "<group>";
		};
		90CFC8EB18BB881B00F083B1 /* Supporting Files */ = {
			isa = PBXGroup;
			children = (
				90CFC8EC18BB881B00F083B1 /* Flower-Info.plist */,
				90CFC8ED18BB881B00F083B1 /* InfoPlist.strings */,
				90CFC8F018BB881B00F083B1 /* main.m */,
				90CFC8F218BB881B00F083B1 /* Flower-Prefix.pch */,
			);
			name = "Supporting Files";
			sourceTree = "<group>";
		};
		90CFC90C18BB881B00F083B1 /* FlowerTests */ = {
			isa = PBXGroup;
			children = (
				90CFC91218BB881B00F083B1 /* FlowerTests.m */,
				90CFC90D18BB881B00F083B1 /* Supporting Files */,
			);
			path = FlowerTests;
			sourceTree = "<group>";
		};
		90CFC90D18BB881B00F083B1 /* Supporting Files */ = {
			isa = PBXGroup;
			children = (
				90CC41EE1B1E3426008A87D2 /* config.txt */,
				90CC41EB1B1E3408008A87D2 /* 2015-06-02 000002.flow */,
				90CC41F41B1F5C89008A87D2 /* 2015-06-02 000003.flow */,
				90CC41F51B1F5C8A008A87D2 /* 2015-06-03 000001.flow */,
				90CFC90E18BB881B00F083B1 /* FlowerTests-Info.plist */,
				90CFC90F18BB881B00F083B1 /* InfoPlist.strings */,
			);
			name = "Supporting Files";
			sourceTree = "<group>";
		};
		90CFC91C18BB885800F083B1 /* FlowBlocks */ = {
			isa = PBXGroup;
			children = (
				902EA14418C1471E0097D357 /* FlowViewControllers */,
				90A8C5FD18C599DB00E73E79 /* nodeviews.xib */,
				9031A3AE18C91A5700893E8E /* nodeviews.viewcontrollers.xib */,
				90CC41F21B1E5691008A87D2 /* program.xib */,
				90CFC91D18BB88C000F083B1 /* FlowBlock.h */,
				90CFC91E18BB88C000F083B1 /* FlowBlock.m */,
				9031A3AA18C9162600893E8E /* ScriptBlock.h */,
				9031A3AB18C9162600893E8E /* ScriptBlock.m */,
				90CFC93318BD18BC00F083B1 /* ThreadStartBlock.h */,
				90CFC93418BD18BC00F083B1 /* ThreadStartBlock.m */,
				90CFC93618BD196800F083B1 /* ThreadEndBlock.h */,
				90CFC93718BD196800F083B1 /* ThreadEndBlock.m */,
				901444FA18BFDB4F00867BFA /* TimedDelayBlock.h */,
				901444FB18BFDB4F00867BFA /* TimedDelayBlock.m */,
				901444FD18BFF6B400867BFA /* LoopBlock.h */,
				901444FE18BFF6B400867BFA /* LoopBlock.m */,
				902C0BD518CBAD0A008A177A /* ComparisonBlock.h */,
				902C0BD618CBAD0A008A177A /* ComparisonBlock.m */,
				900FE87C18D1910600DDFDF5 /* InputBlock.h */,
				900FE87D18D1910600DDFDF5 /* InputBlock.m */,
				900FE87F18D1991E00DDFDF5 /* OutputBlock.h */,
				900FE88018D1991E00DDFDF5 /* OutputBlock.m */,
				900FE89118D6BB1D00DDFDF5 /* AudioBlock.h */,
				900FE89218D6BB1D00DDFDF5 /* AudioBlock.m */,
				90CC42081B20ED63008A87D2 /* signal.png */,
				90CC42051B20D371008A87D2 /* WaitBlock.h */,
				90CC42061B20D371008A87D2 /* WaitBlock.m */,
			);
			name = FlowBlocks;
			sourceTree = "<group>";
		};
		90CFC94318BE425200F083B1 /* StyledViews */ = {
			isa = PBXGroup;
			children = (
				90CFC94418BE427600F083B1 /* EmptyContainer.h */,
				90CFC94518BE427600F083B1 /* EmptyContainer.m */,
			);
			name = StyledViews;
			sourceTree = "<group>";
		};
/* End PBXGroup section */

/* Begin PBXNativeTarget section */
		90CFC8E018BB881B00F083B1 /* Flower */ = {
			isa = PBXNativeTarget;
			buildConfigurationList = 90CFC91618BB881B00F083B1 /* Build configuration list for PBXNativeTarget "Flower" */;
			buildPhases = (
				90CFC8DD18BB881B00F083B1 /* Sources */,
				90CFC8DE18BB881B00F083B1 /* Frameworks */,
				90CFC8DF18BB881B00F083B1 /* Resources */,
			);
			buildRules = (
			);
			dependencies = (
			);
			name = Flower;
			productName = Flower;
			productReference = 90CFC8E118BB881B00F083B1 /* Flower.app */;
			productType = "com.apple.product-type.application";
		};
		90CFC90418BB881B00F083B1 /* FlowerTests */ = {
			isa = PBXNativeTarget;
			buildConfigurationList = 90CFC91918BB881B00F083B1 /* Build configuration list for PBXNativeTarget "FlowerTests" */;
			buildPhases = (
				90CFC90118BB881B00F083B1 /* Sources */,
				90CFC90218BB881B00F083B1 /* Frameworks */,
				90CFC90318BB881B00F083B1 /* Resources */,
			);
			buildRules = (
			);
			dependencies = (
				90CFC90B18BB881B00F083B1 /* PBXTargetDependency */,
			);
			name = FlowerTests;
			productName = FlowerTests;
			productReference = 90CFC90518BB881B00F083B1 /* FlowerTests.xctest */;
			productType = "com.apple.product-type.bundle.unit-test";
		};
/* End PBXNativeTarget section */

/* Begin PBXProject section */
		90CFC8D918BB881B00F083B1 /* Project object */ = {
			isa = PBXProject;
			attributes = {
				CLASSPREFIX = Flow;
				LastUpgradeCheck = 0510;
				ORGANIZATIONNAME = "Nick Blackwell";
				TargetAttributes = {
					90CFC8E018BB881B00F083B1 = {
						SystemCapabilities = {
							com.apple.BackgroundModes = {
								enabled = 0;
							};
							com.apple.Maps.iOS = {
								enabled = 0;
							};
						};
					};
					90CFC90418BB881B00F083B1 = {
						TestTargetID = 90CFC8E018BB881B00F083B1;
					};
				};
			};
			buildConfigurationList = 90CFC8DC18BB881B00F083B1 /* Build configuration list for PBXProject "Flower" */;
			compatibilityVersion = "Xcode 3.2";
			developmentRegion = English;
			hasScannedForEncodings = 0;
			knownRegions = (
				en,
				Base,
			);
			mainGroup = 90CFC8D818BB881B00F083B1;
			productRefGroup = 90CFC8E218BB881B00F083B1 /* Products */;
			projectDirPath = "";
			projectRoot = "";
			targets = (
				90CFC8E018BB881B00F083B1 /* Flower */,
				90CFC90418BB881B00F083B1 /* FlowerTests */,
			);
		};
/* End PBXProject section */

/* Begin PBXResourcesBuildPhase section */
		90CFC8DF18BB881B00F083B1 /* Resources */ = {
			isa = PBXResourcesBuildPhase;
			buildActionMask = 2147483647;
			files = (
				90D6C7A118F74EE300645E94 /* compas.png in Resources */,
				900FE8AB18D6BD3100DDFDF5 /* Ping.aiff in Resources */,
				900FE8AA18D6BD3100DDFDF5 /* Morse.aiff in Resources */,
				900FE8A718D6BD3100DDFDF5 /* Funk.aiff in Resources */,
				90CC42091B20ED63008A87D2 /* signal.png in Resources */,
				90CC41FF1B1F5CCF008A87D2 /* 2015-06-03 000001.flow in Resources */,
				902C0BCB18CA1B58008A177A /* xsm_loop.png in Resources */,
				90CFC93C18BDBE1100F083B1 /* xsm_controls.png in Resources */,
				900FE8AF18D6BD3100DDFDF5 /* Submarine.aiff in Resources */,
				900FE8A918D6BD3100DDFDF5 /* Hero.aiff in Resources */,
				90D6C7A218F74EE300645E94 /* plane.png in Resources */,
				900FE8B018D6BD3100DDFDF5 /* Tink.aiff in Resources */,
				90D6C7B118F85CE800645E94 /* target.png in Resources */,
				901F476C18FB1F3300E6D213 /* mic.png in Resources */,
				9009C63E18F5EE0B00D9A188 /* sensorviews.xib in Resources */,
				901F476718FB0DEE00E6D213 /* out.png in Resources */,
				901F476518FB0C7A00E6D213 /* axis.png in Resources */,
				90CFC93A18BD509F00F083B1 /* xsm_edit.png in Resources */,
				90CFC8FB18BB881B00F083B1 /* Main_iPad.storyboard in Resources */,
				900FE8A318D6BD3100DDFDF5 /* Basso.aiff in Resources */,
				90CFC92F18BBB90000F083B1 /* play_d.png in Resources */,
				90CFC90018BB881B00F083B1 /* Images.xcassets in Resources */,
				900FE8AC18D6BD3100DDFDF5 /* Pop.aiff in Resources */,
				900FE8A518D6BD3100DDFDF5 /* Bottle.aiff in Resources */,
				90CFC8F818BB881B00F083B1 /* Main_iPhone.storyboard in Resources */,
				909EC4C418E358110003DBE9 /* keyboard.png in Resources */,
				90D6C7B818F866F100645E94 /* proximity.png in Resources */,
				9071F16618D95CEC00202A7C /* speaker.png in Resources */,
				9031A3AF18C91A5700893E8E /* nodeviews.viewcontrollers.xib in Resources */,
				900FE8AE18D6BD3100DDFDF5 /* Sosumi.aiff in Resources */,
				90CC41F31B1E5691008A87D2 /* program.xib in Resources */,
				900FE8A418D6BD3100DDFDF5 /* Blow.aiff in Resources */,
				900FE8A818D6BD3100DDFDF5 /* Glass.aiff in Resources */,
				90D6C7B618F865FA00645E94 /* gyro.png in Resources */,
				90CC41F11B1E4666008A87D2 /* 2015-06-02 000002.flow in Resources */,
				90CC41FE1B1F5CCF008A87D2 /* 2015-06-02 000003.flow in Resources */,
				9009C64318F604DA00D9A188 /* logicviews.xib in Resources */,
				90D6C7BA18F8675600645E94 /* globe.png in Resources */,
				900FE8A618D6BD3100DDFDF5 /* Frog.aiff in Resources */,
				90A8C5FE18C599DB00E73E79 /* nodeviews.xib in Resources */,
				900FE8AD18D6BD3100DDFDF5 /* Purr.aiff in Resources */,
				90D6C7A018F74EE300645E94 /* car.png in Resources */,
				902C0BD418CBAB1F008A177A /* variableviews.xib in Resources */,
				900FE87718D17E0300DDFDF5 /* variableviews.viewcontrollers.xib in Resources */,
				90CFC8EF18BB881B00F083B1 /* InfoPlist.strings in Resources */,
			);
			runOnlyForDeploymentPostprocessing = 0;
		};
		90CFC90318BB881B00F083B1 /* Resources */ = {
			isa = PBXResourcesBuildPhase;
			buildActionMask = 2147483647;
			files = (
				90CFC91118BB881B00F083B1 /* InfoPlist.strings in Resources */,
				90CC41FA1B1F5C8A008A87D2 /* 2015-06-03 000001.flow in Resources */,
				90CC41F91B1F5C8A008A87D2 /* 2015-06-02 000003.flow in Resources */,
				90CC41ED1B1E3408008A87D2 /* 2015-06-02 000002.flow in Resources */,
				90CC41EF1B1E3426008A87D2 /* config.txt in Resources */,
			);
			runOnlyForDeploymentPostprocessing = 0;
		};
/* End PBXResourcesBuildPhase section */

/* Begin PBXSourcesBuildPhase section */
		90CFC8DD18BB881B00F083B1 /* Sources */ = {
			isa = PBXSourcesBuildPhase;
			buildActionMask = 2147483647;
			files = (
				90CFC8F518BB881B00F083B1 /* FlowAppDelegate.m in Sources */,
				90D6C78D18F71E6100645E94 /* NandGate.m in Sources */,
				90D6C79618F7361F00645E94 /* LocationSensor.m in Sources */,
				909EC4CA18E54B2A0003DBE9 /* FlowNameViewController.m in Sources */,
				902C0BCF18CBAA77008A177A /* Variable.m in Sources */,
				900FE87218D028CA00DDFDF5 /* VariableViewCell.m in Sources */,
				900FE89018D6487600DDFDF5 /* ObjectVariable.m in Sources */,
				900FE88D18D647FA00DDFDF5 /* ArrayVariable.m in Sources */,
				90D6C78A18F7003700645E94 /* ProcessorBlock.m in Sources */,
				909EC4C718E5298C0003DBE9 /* FlowLibraryCell.m in Sources */,
				900FE87E18D1910700DDFDF5 /* InputBlock.m in Sources */,
				900FE88118D1991E00DDFDF5 /* OutputBlock.m in Sources */,
				902C0BD718CBAD0A008A177A /* ComparisonBlock.m in Sources */,
				902B6D8E18C782D70040EB77 /* NodeLibraryViewController.m in Sources */,
				90CFC93F18BDC37900F083B1 /* FlowOptionsViewController.m in Sources */,
				90CFC93518BD18BC00F083B1 /* ThreadStartBlock.m in Sources */,
				90CFC92A18BBAF5400F083B1 /* FlowView.m in Sources */,
				90CFC8F118BB881B00F083B1 /* main.m in Sources */,
				900FE86318CD49A200DDFDF5 /* VariableConnection.m in Sources */,
				90CC41E91B1E289E008A87D2 /* Flowutils.m in Sources */,
				900FE89318D6BB1D00DDFDF5 /* AudioBlock.m in Sources */,
				901F476A18FB1ADB00E6D213 /* MicrophoneLevelSensor.m in Sources */,
				9009C64618F6050700D9A188 /* LogicGate.m in Sources */,
				90D6C7AC18F83D7700645E94 /* GyroscopeSensor.m in Sources */,
				90D6C79018F71E7800645E94 /* NorGate.m in Sources */,
				90CC42071B20D371008A87D2 /* WaitBlock.m in Sources */,
				9031A3AC18C9162600893E8E /* ScriptBlock.m in Sources */,
				901444FF18BFF6B400867BFA /* LoopBlock.m in Sources */,
				902EA14818C147570097D357 /* DelayViewController.m in Sources */,
				900FE87B18D17F3700DDFDF5 /* StringVariableViewController.m in Sources */,
				902EA14318C13EA90097D357 /* NodeViewController.m in Sources */,
				90D6C78718F6F80100645E94 /* OrGate.m in Sources */,
				90CFC94618BE427600F083B1 /* EmptyContainer.m in Sources */,
				90D6C79318F7303100645E94 /* ProximitySensor.m in Sources */,
				90CFC93818BD196800F083B1 /* ThreadEndBlock.m in Sources */,
				90D6C78118F6EE5500645E94 /* NotGate.m in Sources */,
				90CFC93218BCF4A400F083B1 /* CodeViewController.m in Sources */,
				9014450218C0E4C500867BFA /* LoopConnection.m in Sources */,
				9079F39518DA920D00069E3E /* AudioViewController.m in Sources */,
				9071F16918D96F4E00202A7C /* NumberVariableViewController.m in Sources */,
				90D6C7A918F834FD00645E94 /* XnorGate.m in Sources */,
				9009C64118F602D200D9A188 /* Sensor.m in Sources */,
				90D6C78418F6F7F200645E94 /* AndGate.m in Sources */,
				900FE86F18CF055F00DDFDF5 /* NumberVariable.m in Sources */,
				902B6D9118C7CAAF0040EB77 /* NodeViewCell.m in Sources */,
				90D6C79C18F7466900645E94 /* SpeedSensor.m in Sources */,
				90CFC8FE18BB881B00F083B1 /* FlowViewController.m in Sources */,
				900FE88418D2DBE700DDFDF5 /* FlowStackItem.m in Sources */,
				900FE88A18D41FBA00DDFDF5 /* FlowLibraryViewController.m in Sources */,
				900FE87518D179C200DDFDF5 /* StringVariable.m in Sources */,
				900FE86618CD5CC900DDFDF5 /* Block.m in Sources */,
				901444FC18BFDB4F00867BFA /* TimedDelayBlock.m in Sources */,
				90D6C7AF18F8431200645E94 /* AccelerometerSensor.m in Sources */,
				900FE86918CEB85C00DDFDF5 /* BooleanVariable.m in Sources */,
				90D6C79918F7450B00645E94 /* AltitudeSensor.m in Sources */,
				90D6C7B418F85E3300645E94 /* HeadingSensor.m in Sources */,
				902C0BDA18CBB311008A177A /* ComparisonConnection.m in Sources */,
				90CFC91F18BB88C000F083B1 /* FlowBlock.m in Sources */,
				90D6C7A518F8315500645E94 /* XorGate.m in Sources */,
				90CFC92D18BBB16D00F083B1 /* Connection.m in Sources */,
			);
			runOnlyForDeploymentPostprocessing = 0;
		};
		90CFC90118BB881B00F083B1 /* Sources */ = {
			isa = PBXSourcesBuildPhase;
			buildActionMask = 2147483647;
			files = (
				90CFC91318BB881B00F083B1 /* FlowerTests.m in Sources */,
			);
			runOnlyForDeploymentPostprocessing = 0;
		};
/* End PBXSourcesBuildPhase section */

/* Begin PBXTargetDependency section */
		90CFC90B18BB881B00F083B1 /* PBXTargetDependency */ = {
			isa = PBXTargetDependency;
			target = 90CFC8E018BB881B00F083B1 /* Flower */;
			targetProxy = 90CFC90A18BB881B00F083B1 /* PBXContainerItemProxy */;
		};
/* End PBXTargetDependency section */

/* Begin PBXVariantGroup section */
		90CFC8ED18BB881B00F083B1 /* InfoPlist.strings */ = {
			isa = PBXVariantGroup;
			children = (
				90CFC8EE18BB881B00F083B1 /* en */,
			);
			name = InfoPlist.strings;
			sourceTree = "<group>";
		};
		90CFC8F618BB881B00F083B1 /* Main_iPhone.storyboard */ = {
			isa = PBXVariantGroup;
			children = (
				90CFC8F718BB881B00F083B1 /* Base */,
			);
			name = Main_iPhone.storyboard;
			sourceTree = "<group>";
		};
		90CFC8F918BB881B00F083B1 /* Main_iPad.storyboard */ = {
			isa = PBXVariantGroup;
			children = (
				90CFC8FA18BB881B00F083B1 /* Base */,
			);
			name = Main_iPad.storyboard;
			sourceTree = "<group>";
		};
		90CFC90F18BB881B00F083B1 /* InfoPlist.strings */ = {
			isa = PBXVariantGroup;
			children = (
				90CFC91018BB881B00F083B1 /* en */,
			);
			name = InfoPlist.strings;
			sourceTree = "<group>";
		};
/* End PBXVariantGroup section */

/* Begin XCBuildConfiguration section */
		90CFC91418BB881B00F083B1 /* Debug */ = {
			isa = XCBuildConfiguration;
			buildSettings = {
				ALWAYS_SEARCH_USER_PATHS = NO;
				CLANG_CXX_LANGUAGE_STANDARD = "gnu++0x";
				CLANG_CXX_LIBRARY = "libc++";
				CLANG_ENABLE_MODULES = YES;
				CLANG_ENABLE_OBJC_ARC = YES;
				CLANG_WARN_BOOL_CONVERSION = YES;
				CLANG_WARN_CONSTANT_CONVERSION = YES;
				CLANG_WARN_DIRECT_OBJC_ISA_USAGE = YES_ERROR;
				CLANG_WARN_EMPTY_BODY = YES;
				CLANG_WARN_ENUM_CONVERSION = YES;
				CLANG_WARN_INT_CONVERSION = YES;
				CLANG_WARN_OBJC_ROOT_CLASS = YES_ERROR;
				CLANG_WARN__DUPLICATE_METHOD_MATCH = YES;
				"CODE_SIGN_IDENTITY[sdk=iphoneos*]" = "iPhone Developer";
				COPY_PHASE_STRIP = NO;
				GCC_C_LANGUAGE_STANDARD = gnu99;
				GCC_DYNAMIC_NO_PIC = NO;
				GCC_OPTIMIZATION_LEVEL = 0;
				GCC_PREPROCESSOR_DEFINITIONS = (
					"DEBUG=1",
					"$(inherited)",
				);
				GCC_SYMBOLS_PRIVATE_EXTERN = NO;
				GCC_WARN_64_TO_32_BIT_CONVERSION = YES;
				GCC_WARN_ABOUT_RETURN_TYPE = YES_ERROR;
				GCC_WARN_UNDECLARED_SELECTOR = YES;
				GCC_WARN_UNINITIALIZED_AUTOS = YES;
				GCC_WARN_UNUSED_FUNCTION = YES;
				GCC_WARN_UNUSED_VARIABLE = YES;
				IPHONEOS_DEPLOYMENT_TARGET = 7.0;
				ONLY_ACTIVE_ARCH = YES;
				SDKROOT = iphoneos;
				TARGETED_DEVICE_FAMILY = "1,2";
			};
			name = Debug;
		};
		90CFC91518BB881B00F083B1 /* Release */ = {
			isa = XCBuildConfiguration;
			buildSettings = {
				ALWAYS_SEARCH_USER_PATHS = NO;
				CLANG_CXX_LANGUAGE_STANDARD = "gnu++0x";
				CLANG_CXX_LIBRARY = "libc++";
				CLANG_ENABLE_MODULES = YES;
				CLANG_ENABLE_OBJC_ARC = YES;
				CLANG_WARN_BOOL_CONVERSION = YES;
				CLANG_WARN_CONSTANT_CONVERSION = YES;
				CLANG_WARN_DIRECT_OBJC_ISA_USAGE = YES_ERROR;
				CLANG_WARN_EMPTY_BODY = YES;
				CLANG_WARN_ENUM_CONVERSION = YES;
				CLANG_WARN_INT_CONVERSION = YES;
				CLANG_WARN_OBJC_ROOT_CLASS = YES_ERROR;
				CLANG_WARN__DUPLICATE_METHOD_MATCH = YES;
				"CODE_SIGN_IDENTITY[sdk=iphoneos*]" = "iPhone Developer";
				COPY_PHASE_STRIP = YES;
				ENABLE_NS_ASSERTIONS = NO;
				GCC_C_LANGUAGE_STANDARD = gnu99;
				GCC_WARN_64_TO_32_BIT_CONVERSION = YES;
				GCC_WARN_ABOUT_RETURN_TYPE = YES_ERROR;
				GCC_WARN_UNDECLARED_SELECTOR = YES;
				GCC_WARN_UNINITIALIZED_AUTOS = YES;
				GCC_WARN_UNUSED_FUNCTION = YES;
				GCC_WARN_UNUSED_VARIABLE = YES;
				IPHONEOS_DEPLOYMENT_TARGET = 7.0;
				SDKROOT = iphoneos;
				TARGETED_DEVICE_FAMILY = "1,2";
				VALIDATE_PRODUCT = YES;
			};
			name = Release;
		};
		90CFC91718BB881B00F083B1 /* Debug */ = {
			isa = XCBuildConfiguration;
			buildSettings = {
				ASSETCATALOG_COMPILER_APPICON_NAME = AppIcon;
				ASSETCATALOG_COMPILER_LAUNCHIMAGE_NAME = LaunchImage;
				GCC_PRECOMPILE_PREFIX_HEADER = YES;
				GCC_PREFIX_HEADER = "Flower/Flower-Prefix.pch";
				INFOPLIST_FILE = "Flower/Flower-Info.plist";
				PRODUCT_NAME = "$(TARGET_NAME)";
				TARGETED_DEVICE_FAMILY = "1,2";
				WRAPPER_EXTENSION = app;
			};
			name = Debug;
		};
		90CFC91818BB881B00F083B1 /* Release */ = {
			isa = XCBuildConfiguration;
			buildSettings = {
				ASSETCATALOG_COMPILER_APPICON_NAME = AppIcon;
				ASSETCATALOG_COMPILER_LAUNCHIMAGE_NAME = LaunchImage;
				GCC_PRECOMPILE_PREFIX_HEADER = YES;
				GCC_PREFIX_HEADER = "Flower/Flower-Prefix.pch";
				INFOPLIST_FILE = "Flower/Flower-Info.plist";
				PRODUCT_NAME = "$(TARGET_NAME)";
				TARGETED_DEVICE_FAMILY = "1,2";
				WRAPPER_EXTENSION = app;
			};
			name = Release;
		};
		90CFC91A18BB881B00F083B1 /* Debug */ = {
			isa = XCBuildConfiguration;
			buildSettings = {
				BUNDLE_LOADER = "$(BUILT_PRODUCTS_DIR)/Flower.app/Flower";
				FRAMEWORK_SEARCH_PATHS = (
					"$(SDKROOT)/Developer/Library/Frameworks",
					"$(inherited)",
					"$(DEVELOPER_FRAMEWORKS_DIR)",
				);
				GCC_PRECOMPILE_PREFIX_HEADER = YES;
				GCC_PREFIX_HEADER = "Flower/Flower-Prefix.pch";
				GCC_PREPROCESSOR_DEFINITIONS = (
					"DEBUG=1",
					"$(inherited)",
				);
				INFOPLIST_FILE = "FlowerTests/FlowerTests-Info.plist";
				PRODUCT_NAME = "$(TARGET_NAME)";
				TEST_HOST = "$(BUNDLE_LOADER)";
				WRAPPER_EXTENSION = xctest;
			};
			name = Debug;
		};
		90CFC91B18BB881B00F083B1 /* Release */ = {
			isa = XCBuildConfiguration;
			buildSettings = {
				BUNDLE_LOADER = "$(BUILT_PRODUCTS_DIR)/Flower.app/Flower";
				FRAMEWORK_SEARCH_PATHS = (
					"$(SDKROOT)/Developer/Library/Frameworks",
					"$(inherited)",
					"$(DEVELOPER_FRAMEWORKS_DIR)",
				);
				GCC_PRECOMPILE_PREFIX_HEADER = YES;
				GCC_PREFIX_HEADER = "Flower/Flower-Prefix.pch";
				INFOPLIST_FILE = "FlowerTests/FlowerTests-Info.plist";
				PRODUCT_NAME = "$(TARGET_NAME)";
				TEST_HOST = "$(BUNDLE_LOADER)";
				WRAPPER_EXTENSION = xctest;
			};
			name = Release;
		};
/* End XCBuildConfiguration section */

/* Begin XCConfigurationList section */
		90CFC8DC18BB881B00F083B1 /* Build configuration list for PBXProject "Flower" */ = {
			isa = XCConfigurationList;
			buildConfigurations = (
				90CFC91418BB881B00F083B1 /* Debug */,
				90CFC91518BB881B00F083B1 /* Release */,
			);
			defaultConfigurationIsVisible = 0;
			defaultConfigurationName = Release;
		};
		90CFC91618BB881B00F083B1 /* Build configuration list for PBXNativeTarget "Flower" */ = {
			isa = XCConfigurationList;
			buildConfigurations = (
				90CFC91718BB881B00F083B1 /* Debug */,
				90CFC91818BB881B00F083B1 /* Release */,
			);
			defaultConfigurationIsVisible = 0;
			defaultConfigurationName = Release;
		};
		90CFC91918BB881B00F083B1 /* Build configuration list for PBXNativeTarget "FlowerTests" */ = {
			isa = XCConfigurationList;
			buildConfigurations = (
				90CFC91A18BB881B00F083B1 /* Debug */,
				90CFC91B18BB881B00F083B1 /* Release */,
			);
			defaultConfigurationIsVisible = 0;
			defaultConfigurationName = Release;
		};
/* End XCConfigurationList section */
	};
	rootObject = 90CFC8D918BB881B00F083B1 /* Project object */;
}
